
Microsoft Visual Studio Solution File, Format Version 12.00
# Visual Studio 15
VisualStudioVersion = 15.0.27703.2026
MinimumVisualStudioVersion = 10.0.40219.1
Project("{2150E333-8FDC-42A3-9474-1A3956D46DE8}") = "Services", "Services", "{8F0DB99A-3721-46DE-BD6A-4F841248E939}"
EndProject
Project("{FAE04EC0-301F-11D3-BF4B-00C04F79EFBC}") = "FESA.SCM.Identity", "FESA.SCM.Identity\FESA.SCM.Identity.csproj", "{F29EB8F0-C7AB-4DFE-ACF8-475040AC671B}"
EndProject
Project("{FAE04EC0-301F-11D3-BF4B-00C04F79EFBC}") = "FESA.SCM.WorkOrder", "FESA.SCM.WorkOrder\FESA.SCM.WorkOrder.csproj", "{D306CCFD-A8FB-4680-B637-100BD0731015}"
EndProject
Project("{FAE04EC0-301F-11D3-BF4B-00C04F79EFBC}") = "FESA.SCM.Customer", "FESA.SCM.Customer\FESA.SCM.Customer.csproj", "{AEED0B5A-CE93-4A98-B13D-1312CE85686B}"
EndProject
Project("{2150E333-8FDC-42A3-9474-1A3956D46DE8}") = "Customer", "Customer", "{BE6E3A88-EA0B-4E1E-8924-16B3D8A4C30C}"
EndProject
Project("{2150E333-8FDC-42A3-9474-1A3956D46DE8}") = "Identity", "Identity", "{D74726F5-B2C0-40DE-91CD-9EDD62196D12}"
EndProject
Project("{2150E333-8FDC-42A3-9474-1A3956D46DE8}") = "WorkOrder", "WorkOrder", "{8D014A3D-69A9-48C1-AB6B-13E30DFBBC4A}"
EndProject
Project("{2150E333-8FDC-42A3-9474-1A3956D46DE8}") = "FieldService", "FieldService", "{417E0F01-D351-4D79-A93E-EBBDED9BE2C6}"
EndProject
Project("{FAE04EC0-301F-11D3-BF4B-00C04F79EFBC}") = "FESA.SCM.FieldService", "FESA.SCM.FieldService\FESA.SCM.FieldService.csproj", "{CDC84AE9-C9C7-4F8D-A944-8252212C3457}"
EndProject
Project("{2150E333-8FDC-42A3-9474-1A3956D46DE8}") = "Notifications", "Notifications", "{2066DC61-259C-4D5E-B6CF-32D95E9F135E}"
EndProject
Project("{2150E333-8FDC-42A3-9474-1A3956D46DE8}") = "Common", "Common", "{6930E9B4-D6E0-4DA8-98F5-F9E1C4F650A5}"
EndProject
Project("{FAE04EC0-301F-11D3-BF4B-00C04F79EFBC}") = "FESA.SCM.Common", "FESA.SCM.Common\FESA.SCM.Common.csproj", "{550A93D9-BB55-4E21-9A10-19451EF8E255}"
EndProject
Project("{2150E333-8FDC-42A3-9474-1A3956D46DE8}") = "Libraries", "Libraries", "{60A4E3B8-5F75-45A1-AC75-D713E1A0543D}"
	ProjectSection(SolutionItems) = preProject
		FESA.SCM.Web\bin\DayPilot.dll = FESA.SCM.Web\bin\DayPilot.dll
		Libraries\Microsoft.Practices.EnterpriseLibrary.Common.dll = Libraries\Microsoft.Practices.EnterpriseLibrary.Common.dll
		Libraries\Microsoft.Practices.EnterpriseLibrary.Data.dll = Libraries\Microsoft.Practices.EnterpriseLibrary.Data.dll
		Libraries\Microsoft.Practices.EnterpriseLibrary.ExceptionHandling.dll = Libraries\Microsoft.Practices.EnterpriseLibrary.ExceptionHandling.dll
		Libraries\Microsoft.Practices.EnterpriseLibrary.ExceptionHandling.Logging.dll = Libraries\Microsoft.Practices.EnterpriseLibrary.ExceptionHandling.Logging.dll
		Libraries\Microsoft.Practices.EnterpriseLibrary.Logging.Database.dll = Libraries\Microsoft.Practices.EnterpriseLibrary.Logging.Database.dll
		Libraries\Microsoft.Practices.EnterpriseLibrary.Logging.dll = Libraries\Microsoft.Practices.EnterpriseLibrary.Logging.dll
		Libraries\Microsoft.Practices.ServiceLocation.dll = Libraries\Microsoft.Practices.ServiceLocation.dll
		Libraries\Microsoft.Practices.Unity.Configuration.dll = Libraries\Microsoft.Practices.Unity.Configuration.dll
		Libraries\Microsoft.Practices.Unity.dll = Libraries\Microsoft.Practices.Unity.dll
		Libraries\Microsoft.Practices.Unity.Interception.dll = Libraries\Microsoft.Practices.Unity.Interception.dll
		Libraries\Syncfusion.Linq.iOS.dll = Libraries\Syncfusion.Linq.iOS.dll
		Libraries\Syncfusion.SfAutoComplete.iOS.dll = Libraries\Syncfusion.SfAutoComplete.iOS.dll
		Libraries\Syncfusion.SfBusyIndicator.iOS.dll = Libraries\Syncfusion.SfBusyIndicator.iOS.dll
		Libraries\Syncfusion.SfChart.iOS.dll = Libraries\Syncfusion.SfChart.iOS.dll
		Libraries\Syncfusion.SfGauge.iOS.dll = Libraries\Syncfusion.SfGauge.iOS.dll
		Libraries\Syncfusion.SfNavigationDrawer.iOS.dll = Libraries\Syncfusion.SfNavigationDrawer.iOS.dll
		Libraries\Syncfusion.SfNumericTextBox.iOS.dll = Libraries\Syncfusion.SfNumericTextBox.iOS.dll
		Libraries\Syncfusion.SfSchedule.iOS.dll = Libraries\Syncfusion.SfSchedule.iOS.dll
		Libraries\Syncfusion.SfTreeMap.iOS.dll = Libraries\Syncfusion.SfTreeMap.iOS.dll
	EndProjectSection
EndProject
Project("{FAE04EC0-301F-11D3-BF4B-00C04F79EFBC}") = "FESA.SCM.WorkOrder.BL", "FESA.SCM.WorkOrder.BL\FESA.SCM.WorkOrder.BL.csproj", "{7D6FDE4A-7CD1-474F-8851-4FE8ABAA1072}"
EndProject
Project("{FAE04EC0-301F-11D3-BF4B-00C04F79EFBC}") = "FESA.SCM.WorkOrder.BE", "FESA.SCM.WorkOrder.BE\FESA.SCM.WorkOrder.BE.csproj", "{26FD939B-3579-4485-B4FB-90B0A807AC8E}"
EndProject
Project("{FAE04EC0-301F-11D3-BF4B-00C04F79EFBC}") = "FESA.SCM.WorkOrder.DA", "FESA.SCM.WorkOrder.DA\FESA.SCM.WorkOrder.DA.csproj", "{CB871ED9-0681-46E0-92EB-0AE8B40524DA}"
EndProject
Project("{FAE04EC0-301F-11D3-BF4B-00C04F79EFBC}") = "FESA.SCM.Customer.BL", "FESA.SCM.Customer.BL\FESA.SCM.Customer.BL.csproj", "{0C867CE7-BF26-48FF-8E51-4A963F518DD7}"
EndProject
Project("{FAE04EC0-301F-11D3-BF4B-00C04F79EFBC}") = "FESA.SCM.Customer.DA", "FESA.SCM.Customer.DA\FESA.SCM.Customer.DA.csproj", "{50966C51-C01D-4C3E-9865-CE8929597168}"
EndProject
Project("{FAE04EC0-301F-11D3-BF4B-00C04F79EFBC}") = "FESA.SCM.Customer.BE", "FESA.SCM.Customer.BE\FESA.SCM.Customer.BE.csproj", "{446CDAF8-F63F-473C-A0C2-3DE320A0F0BF}"
EndProject
Project("{FAE04EC0-301F-11D3-BF4B-00C04F79EFBC}") = "FESA.SCM.FieldService.BE", "FESA.SCM.FieldService.BE\FESA.SCM.FieldService.BE.csproj", "{0E371BCF-DFD4-452C-A9D3-F3E6E995EF0E}"
EndProject
Project("{FAE04EC0-301F-11D3-BF4B-00C04F79EFBC}") = "FESA.SCM.FieldService.DA", "FESA.SCM.FieldService.DA\FESA.SCM.FieldService.DA.csproj", "{FD455925-3FAF-47CA-8102-3D46FF584E7F}"
EndProject
Project("{FAE04EC0-301F-11D3-BF4B-00C04F79EFBC}") = "FESA.SCM.FieldService.BL", "FESA.SCM.FieldService.BL\FESA.SCM.FieldService.BL.csproj", "{ADD03BC2-6D15-4388-B467-C2F3BAC66BC6}"
EndProject
Project("{FAE04EC0-301F-11D3-BF4B-00C04F79EFBC}") = "FESA.SCM.Identity.BE", "FESA.SCM.Identity.BE\FESA.SCM.Identity.BE.csproj", "{8FA08C94-D00E-4F98-9137-68C7EFB9D2D0}"
EndProject
Project("{FAE04EC0-301F-11D3-BF4B-00C04F79EFBC}") = "FESA.SCM.Identity.BL", "FESA.SCM.Identity.BL\FESA.SCM.Identity.BL.csproj", "{289659E6-284D-4A70-A03A-DC758BF6BB63}"
EndProject
Project("{FAE04EC0-301F-11D3-BF4B-00C04F79EFBC}") = "FESA.SCM.Identity.DA", "FESA.SCM.Identity.DA\FESA.SCM.Identity.DA.csproj", "{AD0BFC4C-B311-45B3-BA83-9C6A528AB34C}"
EndProject
Project("{2150E333-8FDC-42A3-9474-1A3956D46DE8}") = "Gateway", "Gateway", "{B4B17ED1-D7CC-44EF-88F0-FDF2CF17409A}"
EndProject
Project("{FAE04EC0-301F-11D3-BF4B-00C04F79EFBC}") = "FESA.SCM.ServiceGateway.DTO", "FESA.SCM.ServiceGateway.DTO\FESA.SCM.ServiceGateway.DTO.csproj", "{46D22CBE-39CA-48CB-A89E-BF4741093683}"
EndProject
Project("{FAE04EC0-301F-11D3-BF4B-00C04F79EFBC}") = "FESA.SCM.ServiceGateway", "FESA.SCM.ServiceGateway\FESA.SCM.ServiceGateway.csproj", "{B3CC9B58-E76E-4EBC-984E-3F5F1F4BBF4F}"
EndProject
Project("{FAE04EC0-301F-11D3-BF4B-00C04F79EFBC}") = "FESA.SCM.Notification", "FESA.SCM.Notification\FESA.SCM.Notification.csproj", "{72D22AEE-D4CD-4FA9-AD24-DA7D80BEB6C0}"
EndProject
Project("{2150E333-8FDC-42A3-9474-1A3956D46DE8}") = "Jobs", "Jobs", "{84ABF090-3079-4919-BD8C-13E52C7BC6CE}"
EndProject
Project("{FAE04EC0-301F-11D3-BF4B-00C04F79EFBC}") = "FESA.SCM.UserLoadJob", "FESA.SCM.UserLoadJob\FESA.SCM.UserLoadJob.csproj", "{7291BF3C-376B-4428-8715-066FDAD4DDB2}"
EndProject
Project("{FAE04EC0-301F-11D3-BF4B-00C04F79EFBC}") = "FESA.SCM.Web", "FESA.SCM.Web\FESA.SCM.Web.csproj", "{545A056F-65A6-42B8-B7F2-3E250AC84DA4}"
EndProject
Project("{9A19103F-16F7-4668-BE54-9A1E7A4F7556}") = "FESA.SCM.WebSite", "FESA.SCM.WebSite\FESA.SCM.WebSite.csproj", "{98CF11BD-0FB6-45F6-A028-3FF25267A021}"
EndProject
Global
	GlobalSection(SolutionConfigurationPlatforms) = preSolution
		Ad-Hoc|Any CPU = Ad-Hoc|Any CPU
		Ad-Hoc|ARM = Ad-Hoc|ARM
		Ad-Hoc|iPhone = Ad-Hoc|iPhone
		Ad-Hoc|iPhoneSimulator = Ad-Hoc|iPhoneSimulator
		Ad-Hoc|x86 = Ad-Hoc|x86
		AppStore|Any CPU = AppStore|Any CPU
		AppStore|ARM = AppStore|ARM
		AppStore|iPhone = AppStore|iPhone
		AppStore|iPhoneSimulator = AppStore|iPhoneSimulator
		AppStore|x86 = AppStore|x86
		Debug|Any CPU = Debug|Any CPU
		Debug|ARM = Debug|ARM
		Debug|iPhone = Debug|iPhone
		Debug|iPhoneSimulator = Debug|iPhoneSimulator
		Debug|x86 = Debug|x86
		Release|Any CPU = Release|Any CPU
		Release|ARM = Release|ARM
		Release|iPhone = Release|iPhone
		Release|iPhoneSimulator = Release|iPhoneSimulator
		Release|x86 = Release|x86
	EndGlobalSection
	GlobalSection(ProjectConfigurationPlatforms) = postSolution
		{F29EB8F0-C7AB-4DFE-ACF8-475040AC671B}.Ad-Hoc|Any CPU.ActiveCfg = Release|Any CPU
		{F29EB8F0-C7AB-4DFE-ACF8-475040AC671B}.Ad-Hoc|Any CPU.Build.0 = Release|Any CPU
		{F29EB8F0-C7AB-4DFE-ACF8-475040AC671B}.Ad-Hoc|ARM.ActiveCfg = Debug|Any CPU
		{F29EB8F0-C7AB-4DFE-ACF8-475040AC671B}.Ad-Hoc|ARM.Build.0 = Debug|Any CPU
		{F29EB8F0-C7AB-4DFE-ACF8-475040AC671B}.Ad-Hoc|iPhone.ActiveCfg = Release|Any CPU
		{F29EB8F0-C7AB-4DFE-ACF8-475040AC671B}.Ad-Hoc|iPhone.Build.0 = Release|Any CPU
		{F29EB8F0-C7AB-4DFE-ACF8-475040AC671B}.Ad-Hoc|iPhoneSimulator.ActiveCfg = Release|Any CPU
		{F29EB8F0-C7AB-4DFE-ACF8-475040AC671B}.Ad-Hoc|iPhoneSimulator.Build.0 = Release|Any CPU
		{F29EB8F0-C7AB-4DFE-ACF8-475040AC671B}.Ad-Hoc|x86.ActiveCfg = Debug|Any CPU
		{F29EB8F0-C7AB-4DFE-ACF8-475040AC671B}.Ad-Hoc|x86.Build.0 = Debug|Any CPU
		{F29EB8F0-C7AB-4DFE-ACF8-475040AC671B}.AppStore|Any CPU.ActiveCfg = Release|Any CPU
		{F29EB8F0-C7AB-4DFE-ACF8-475040AC671B}.AppStore|Any CPU.Build.0 = Release|Any CPU
		{F29EB8F0-C7AB-4DFE-ACF8-475040AC671B}.AppStore|ARM.ActiveCfg = Debug|Any CPU
		{F29EB8F0-C7AB-4DFE-ACF8-475040AC671B}.AppStore|ARM.Build.0 = Debug|Any CPU
		{F29EB8F0-C7AB-4DFE-ACF8-475040AC671B}.AppStore|iPhone.ActiveCfg = Release|Any CPU
		{F29EB8F0-C7AB-4DFE-ACF8-475040AC671B}.AppStore|iPhone.Build.0 = Release|Any CPU
		{F29EB8F0-C7AB-4DFE-ACF8-475040AC671B}.AppStore|iPhoneSimulator.ActiveCfg = Release|Any CPU
		{F29EB8F0-C7AB-4DFE-ACF8-475040AC671B}.AppStore|iPhoneSimulator.Build.0 = Release|Any CPU
		{F29EB8F0-C7AB-4DFE-ACF8-475040AC671B}.AppStore|x86.ActiveCfg = Debug|Any CPU
		{F29EB8F0-C7AB-4DFE-ACF8-475040AC671B}.AppStore|x86.Build.0 = Debug|Any CPU
		{F29EB8F0-C7AB-4DFE-ACF8-475040AC671B}.Debug|Any CPU.ActiveCfg = Debug|Any CPU
		{F29EB8F0-C7AB-4DFE-ACF8-475040AC671B}.Debug|Any CPU.Build.0 = Debug|Any CPU
		{F29EB8F0-C7AB-4DFE-ACF8-475040AC671B}.Debug|ARM.ActiveCfg = Debug|Any CPU
		{F29EB8F0-C7AB-4DFE-ACF8-475040AC671B}.Debug|ARM.Build.0 = Debug|Any CPU
		{F29EB8F0-C7AB-4DFE-ACF8-475040AC671B}.Debug|iPhone.ActiveCfg = Debug|Any CPU
		{F29EB8F0-C7AB-4DFE-ACF8-475040AC671B}.Debug|iPhone.Build.0 = Debug|Any CPU
		{F29EB8F0-C7AB-4DFE-ACF8-475040AC671B}.Debug|iPhoneSimulator.ActiveCfg = Debug|Any CPU
		{F29EB8F0-C7AB-4DFE-ACF8-475040AC671B}.Debug|iPhoneSimulator.Build.0 = Debug|Any CPU
		{F29EB8F0-C7AB-4DFE-ACF8-475040AC671B}.Debug|x86.ActiveCfg = Debug|Any CPU
		{F29EB8F0-C7AB-4DFE-ACF8-475040AC671B}.Debug|x86.Build.0 = Debug|Any CPU
		{F29EB8F0-C7AB-4DFE-ACF8-475040AC671B}.Release|Any CPU.ActiveCfg = Release|Any CPU
		{F29EB8F0-C7AB-4DFE-ACF8-475040AC671B}.Release|Any CPU.Build.0 = Release|Any CPU
		{F29EB8F0-C7AB-4DFE-ACF8-475040AC671B}.Release|ARM.ActiveCfg = Release|Any CPU
		{F29EB8F0-C7AB-4DFE-ACF8-475040AC671B}.Release|ARM.Build.0 = Release|Any CPU
		{F29EB8F0-C7AB-4DFE-ACF8-475040AC671B}.Release|iPhone.ActiveCfg = Release|Any CPU
		{F29EB8F0-C7AB-4DFE-ACF8-475040AC671B}.Release|iPhone.Build.0 = Release|Any CPU
		{F29EB8F0-C7AB-4DFE-ACF8-475040AC671B}.Release|iPhoneSimulator.ActiveCfg = Release|Any CPU
		{F29EB8F0-C7AB-4DFE-ACF8-475040AC671B}.Release|iPhoneSimulator.Build.0 = Release|Any CPU
		{F29EB8F0-C7AB-4DFE-ACF8-475040AC671B}.Release|x86.ActiveCfg = Release|Any CPU
		{F29EB8F0-C7AB-4DFE-ACF8-475040AC671B}.Release|x86.Build.0 = Release|Any CPU
		{D306CCFD-A8FB-4680-B637-100BD0731015}.Ad-Hoc|Any CPU.ActiveCfg = Release|Any CPU
		{D306CCFD-A8FB-4680-B637-100BD0731015}.Ad-Hoc|Any CPU.Build.0 = Release|Any CPU
		{D306CCFD-A8FB-4680-B637-100BD0731015}.Ad-Hoc|ARM.ActiveCfg = Debug|Any CPU
		{D306CCFD-A8FB-4680-B637-100BD0731015}.Ad-Hoc|ARM.Build.0 = Debug|Any CPU
		{D306CCFD-A8FB-4680-B637-100BD0731015}.Ad-Hoc|iPhone.ActiveCfg = Release|Any CPU
		{D306CCFD-A8FB-4680-B637-100BD0731015}.Ad-Hoc|iPhone.Build.0 = Release|Any CPU
		{D306CCFD-A8FB-4680-B637-100BD0731015}.Ad-Hoc|iPhoneSimulator.ActiveCfg = Release|Any CPU
		{D306CCFD-A8FB-4680-B637-100BD0731015}.Ad-Hoc|iPhoneSimulator.Build.0 = Release|Any CPU
		{D306CCFD-A8FB-4680-B637-100BD0731015}.Ad-Hoc|x86.ActiveCfg = Debug|Any CPU
		{D306CCFD-A8FB-4680-B637-100BD0731015}.Ad-Hoc|x86.Build.0 = Debug|Any CPU
		{D306CCFD-A8FB-4680-B637-100BD0731015}.AppStore|Any CPU.ActiveCfg = Release|Any CPU
		{D306CCFD-A8FB-4680-B637-100BD0731015}.AppStore|Any CPU.Build.0 = Release|Any CPU
		{D306CCFD-A8FB-4680-B637-100BD0731015}.AppStore|ARM.ActiveCfg = Debug|Any CPU
		{D306CCFD-A8FB-4680-B637-100BD0731015}.AppStore|ARM.Build.0 = Debug|Any CPU
		{D306CCFD-A8FB-4680-B637-100BD0731015}.AppStore|iPhone.ActiveCfg = Release|Any CPU
		{D306CCFD-A8FB-4680-B637-100BD0731015}.AppStore|iPhone.Build.0 = Release|Any CPU
		{D306CCFD-A8FB-4680-B637-100BD0731015}.AppStore|iPhoneSimulator.ActiveCfg = Release|Any CPU
		{D306CCFD-A8FB-4680-B637-100BD0731015}.AppStore|iPhoneSimulator.Build.0 = Release|Any CPU
		{D306CCFD-A8FB-4680-B637-100BD0731015}.AppStore|x86.ActiveCfg = Debug|Any CPU
		{D306CCFD-A8FB-4680-B637-100BD0731015}.AppStore|x86.Build.0 = Debug|Any CPU
		{D306CCFD-A8FB-4680-B637-100BD0731015}.Debug|Any CPU.ActiveCfg = Debug|Any CPU
		{D306CCFD-A8FB-4680-B637-100BD0731015}.Debug|Any CPU.Build.0 = Debug|Any CPU
		{D306CCFD-A8FB-4680-B637-100BD0731015}.Debug|ARM.ActiveCfg = Debug|Any CPU
		{D306CCFD-A8FB-4680-B637-100BD0731015}.Debug|ARM.Build.0 = Debug|Any CPU
		{D306CCFD-A8FB-4680-B637-100BD0731015}.Debug|iPhone.ActiveCfg = Debug|Any CPU
		{D306CCFD-A8FB-4680-B637-100BD0731015}.Debug|iPhone.Build.0 = Debug|Any CPU
		{D306CCFD-A8FB-4680-B637-100BD0731015}.Debug|iPhoneSimulator.ActiveCfg = Debug|Any CPU
		{D306CCFD-A8FB-4680-B637-100BD0731015}.Debug|iPhoneSimulator.Build.0 = Debug|Any CPU
		{D306CCFD-A8FB-4680-B637-100BD0731015}.Debug|x86.ActiveCfg = Debug|Any CPU
		{D306CCFD-A8FB-4680-B637-100BD0731015}.Debug|x86.Build.0 = Debug|Any CPU
		{D306CCFD-A8FB-4680-B637-100BD0731015}.Release|Any CPU.ActiveCfg = Release|Any CPU
		{D306CCFD-A8FB-4680-B637-100BD0731015}.Release|Any CPU.Build.0 = Release|Any CPU
		{D306CCFD-A8FB-4680-B637-100BD0731015}.Release|ARM.ActiveCfg = Release|Any CPU
		{D306CCFD-A8FB-4680-B637-100BD0731015}.Release|ARM.Build.0 = Release|Any CPU
		{D306CCFD-A8FB-4680-B637-100BD0731015}.Release|iPhone.ActiveCfg = Release|Any CPU
		{D306CCFD-A8FB-4680-B637-100BD0731015}.Release|iPhone.Build.0 = Release|Any CPU
		{D306CCFD-A8FB-4680-B637-100BD0731015}.Release|iPhoneSimulator.ActiveCfg = Release|Any CPU
		{D306CCFD-A8FB-4680-B637-100BD0731015}.Release|iPhoneSimulator.Build.0 = Release|Any CPU
		{D306CCFD-A8FB-4680-B637-100BD0731015}.Release|x86.ActiveCfg = Release|Any CPU
		{D306CCFD-A8FB-4680-B637-100BD0731015}.Release|x86.Build.0 = Release|Any CPU
		{AEED0B5A-CE93-4A98-B13D-1312CE85686B}.Ad-Hoc|Any CPU.ActiveCfg = Release|Any CPU
		{AEED0B5A-CE93-4A98-B13D-1312CE85686B}.Ad-Hoc|Any CPU.Build.0 = Release|Any CPU
		{AEED0B5A-CE93-4A98-B13D-1312CE85686B}.Ad-Hoc|ARM.ActiveCfg = Debug|Any CPU
		{AEED0B5A-CE93-4A98-B13D-1312CE85686B}.Ad-Hoc|ARM.Build.0 = Debug|Any CPU
		{AEED0B5A-CE93-4A98-B13D-1312CE85686B}.Ad-Hoc|iPhone.ActiveCfg = Release|Any CPU
		{AEED0B5A-CE93-4A98-B13D-1312CE85686B}.Ad-Hoc|iPhone.Build.0 = Release|Any CPU
		{AEED0B5A-CE93-4A98-B13D-1312CE85686B}.Ad-Hoc|iPhoneSimulator.ActiveCfg = Release|Any CPU
		{AEED0B5A-CE93-4A98-B13D-1312CE85686B}.Ad-Hoc|iPhoneSimulator.Build.0 = Release|Any CPU
		{AEED0B5A-CE93-4A98-B13D-1312CE85686B}.Ad-Hoc|x86.ActiveCfg = Debug|Any CPU
		{AEED0B5A-CE93-4A98-B13D-1312CE85686B}.Ad-Hoc|x86.Build.0 = Debug|Any CPU
		{AEED0B5A-CE93-4A98-B13D-1312CE85686B}.AppStore|Any CPU.ActiveCfg = Release|Any CPU
		{AEED0B5A-CE93-4A98-B13D-1312CE85686B}.AppStore|Any CPU.Build.0 = Release|Any CPU
		{AEED0B5A-CE93-4A98-B13D-1312CE85686B}.AppStore|ARM.ActiveCfg = Debug|Any CPU
		{AEED0B5A-CE93-4A98-B13D-1312CE85686B}.AppStore|ARM.Build.0 = Debug|Any CPU
		{AEED0B5A-CE93-4A98-B13D-1312CE85686B}.AppStore|iPhone.ActiveCfg = Release|Any CPU
		{AEED0B5A-CE93-4A98-B13D-1312CE85686B}.AppStore|iPhone.Build.0 = Release|Any CPU
		{AEED0B5A-CE93-4A98-B13D-1312CE85686B}.AppStore|iPhoneSimulator.ActiveCfg = Release|Any CPU
		{AEED0B5A-CE93-4A98-B13D-1312CE85686B}.AppStore|iPhoneSimulator.Build.0 = Release|Any CPU
		{AEED0B5A-CE93-4A98-B13D-1312CE85686B}.AppStore|x86.ActiveCfg = Debug|Any CPU
		{AEED0B5A-CE93-4A98-B13D-1312CE85686B}.AppStore|x86.Build.0 = Debug|Any CPU
		{AEED0B5A-CE93-4A98-B13D-1312CE85686B}.Debug|Any CPU.ActiveCfg = Debug|Any CPU
		{AEED0B5A-CE93-4A98-B13D-1312CE85686B}.Debug|Any CPU.Build.0 = Debug|Any CPU
		{AEED0B5A-CE93-4A98-B13D-1312CE85686B}.Debug|ARM.ActiveCfg = Debug|Any CPU
		{AEED0B5A-CE93-4A98-B13D-1312CE85686B}.Debug|ARM.Build.0 = Debug|Any CPU
		{AEED0B5A-CE93-4A98-B13D-1312CE85686B}.Debug|iPhone.ActiveCfg = Debug|Any CPU
		{AEED0B5A-CE93-4A98-B13D-1312CE85686B}.Debug|iPhone.Build.0 = Debug|Any CPU
		{AEED0B5A-CE93-4A98-B13D-1312CE85686B}.Debug|iPhoneSimulator.ActiveCfg = Debug|Any CPU
		{AEED0B5A-CE93-4A98-B13D-1312CE85686B}.Debug|iPhoneSimulator.Build.0 = Debug|Any CPU
		{AEED0B5A-CE93-4A98-B13D-1312CE85686B}.Debug|x86.ActiveCfg = Debug|Any CPU
		{AEED0B5A-CE93-4A98-B13D-1312CE85686B}.Debug|x86.Build.0 = Debug|Any CPU
		{AEED0B5A-CE93-4A98-B13D-1312CE85686B}.Release|Any CPU.ActiveCfg = Release|Any CPU
		{AEED0B5A-CE93-4A98-B13D-1312CE85686B}.Release|Any CPU.Build.0 = Release|Any CPU
		{AEED0B5A-CE93-4A98-B13D-1312CE85686B}.Release|ARM.ActiveCfg = Release|Any CPU
		{AEED0B5A-CE93-4A98-B13D-1312CE85686B}.Release|ARM.Build.0 = Release|Any CPU
		{AEED0B5A-CE93-4A98-B13D-1312CE85686B}.Release|iPhone.ActiveCfg = Release|Any CPU
		{AEED0B5A-CE93-4A98-B13D-1312CE85686B}.Release|iPhone.Build.0 = Release|Any CPU
		{AEED0B5A-CE93-4A98-B13D-1312CE85686B}.Release|iPhoneSimulator.ActiveCfg = Release|Any CPU
		{AEED0B5A-CE93-4A98-B13D-1312CE85686B}.Release|iPhoneSimulator.Build.0 = Release|Any CPU
		{AEED0B5A-CE93-4A98-B13D-1312CE85686B}.Release|x86.ActiveCfg = Release|Any CPU
		{AEED0B5A-CE93-4A98-B13D-1312CE85686B}.Release|x86.Build.0 = Release|Any CPU
		{CDC84AE9-C9C7-4F8D-A944-8252212C3457}.Ad-Hoc|Any CPU.ActiveCfg = Release|Any CPU
		{CDC84AE9-C9C7-4F8D-A944-8252212C3457}.Ad-Hoc|Any CPU.Build.0 = Release|Any CPU
		{CDC84AE9-C9C7-4F8D-A944-8252212C3457}.Ad-Hoc|ARM.ActiveCfg = Debug|Any CPU
		{CDC84AE9-C9C7-4F8D-A944-8252212C3457}.Ad-Hoc|ARM.Build.0 = Debug|Any CPU
		{CDC84AE9-C9C7-4F8D-A944-8252212C3457}.Ad-Hoc|iPhone.ActiveCfg = Release|Any CPU
		{CDC84AE9-C9C7-4F8D-A944-8252212C3457}.Ad-Hoc|iPhone.Build.0 = Release|Any CPU
		{CDC84AE9-C9C7-4F8D-A944-8252212C3457}.Ad-Hoc|iPhoneSimulator.ActiveCfg = Release|Any CPU
		{CDC84AE9-C9C7-4F8D-A944-8252212C3457}.Ad-Hoc|iPhoneSimulator.Build.0 = Release|Any CPU
		{CDC84AE9-C9C7-4F8D-A944-8252212C3457}.Ad-Hoc|x86.ActiveCfg = Debug|Any CPU
		{CDC84AE9-C9C7-4F8D-A944-8252212C3457}.Ad-Hoc|x86.Build.0 = Debug|Any CPU
		{CDC84AE9-C9C7-4F8D-A944-8252212C3457}.AppStore|Any CPU.ActiveCfg = Release|Any CPU
		{CDC84AE9-C9C7-4F8D-A944-8252212C3457}.AppStore|Any CPU.Build.0 = Release|Any CPU
		{CDC84AE9-C9C7-4F8D-A944-8252212C3457}.AppStore|ARM.ActiveCfg = Debug|Any CPU
		{CDC84AE9-C9C7-4F8D-A944-8252212C3457}.AppStore|ARM.Build.0 = Debug|Any CPU
		{CDC84AE9-C9C7-4F8D-A944-8252212C3457}.AppStore|iPhone.ActiveCfg = Release|Any CPU
		{CDC84AE9-C9C7-4F8D-A944-8252212C3457}.AppStore|iPhone.Build.0 = Release|Any CPU
		{CDC84AE9-C9C7-4F8D-A944-8252212C3457}.AppStore|iPhoneSimulator.ActiveCfg = Release|Any CPU
		{CDC84AE9-C9C7-4F8D-A944-8252212C3457}.AppStore|iPhoneSimulator.Build.0 = Release|Any CPU
		{CDC84AE9-C9C7-4F8D-A944-8252212C3457}.AppStore|x86.ActiveCfg = Debug|Any CPU
		{CDC84AE9-C9C7-4F8D-A944-8252212C3457}.AppStore|x86.Build.0 = Debug|Any CPU
		{CDC84AE9-C9C7-4F8D-A944-8252212C3457}.Debug|Any CPU.ActiveCfg = Debug|Any CPU
		{CDC84AE9-C9C7-4F8D-A944-8252212C3457}.Debug|Any CPU.Build.0 = Debug|Any CPU
		{CDC84AE9-C9C7-4F8D-A944-8252212C3457}.Debug|ARM.ActiveCfg = Debug|Any CPU
		{CDC84AE9-C9C7-4F8D-A944-8252212C3457}.Debug|ARM.Build.0 = Debug|Any CPU
		{CDC84AE9-C9C7-4F8D-A944-8252212C3457}.Debug|iPhone.ActiveCfg = Debug|Any CPU
		{CDC84AE9-C9C7-4F8D-A944-8252212C3457}.Debug|iPhone.Build.0 = Debug|Any CPU
		{CDC84AE9-C9C7-4F8D-A944-8252212C3457}.Debug|iPhoneSimulator.ActiveCfg = Debug|Any CPU
		{CDC84AE9-C9C7-4F8D-A944-8252212C3457}.Debug|iPhoneSimulator.Build.0 = Debug|Any CPU
		{CDC84AE9-C9C7-4F8D-A944-8252212C3457}.Debug|x86.ActiveCfg = Debug|Any CPU
		{CDC84AE9-C9C7-4F8D-A944-8252212C3457}.Debug|x86.Build.0 = Debug|Any CPU
		{CDC84AE9-C9C7-4F8D-A944-8252212C3457}.Release|Any CPU.ActiveCfg = Release|Any CPU
		{CDC84AE9-C9C7-4F8D-A944-8252212C3457}.Release|Any CPU.Build.0 = Release|Any CPU
		{CDC84AE9-C9C7-4F8D-A944-8252212C3457}.Release|ARM.ActiveCfg = Release|Any CPU
		{CDC84AE9-C9C7-4F8D-A944-8252212C3457}.Release|ARM.Build.0 = Release|Any CPU
		{CDC84AE9-C9C7-4F8D-A944-8252212C3457}.Release|iPhone.ActiveCfg = Release|Any CPU
		{CDC84AE9-C9C7-4F8D-A944-8252212C3457}.Release|iPhone.Build.0 = Release|Any CPU
		{CDC84AE9-C9C7-4F8D-A944-8252212C3457}.Release|iPhoneSimulator.ActiveCfg = Release|Any CPU
		{CDC84AE9-C9C7-4F8D-A944-8252212C3457}.Release|iPhoneSimulator.Build.0 = Release|Any CPU
		{CDC84AE9-C9C7-4F8D-A944-8252212C3457}.Release|x86.ActiveCfg = Release|Any CPU
		{CDC84AE9-C9C7-4F8D-A944-8252212C3457}.Release|x86.Build.0 = Release|Any CPU
		{550A93D9-BB55-4E21-9A10-19451EF8E255}.Ad-Hoc|Any CPU.ActiveCfg = Release|Any CPU
		{550A93D9-BB55-4E21-9A10-19451EF8E255}.Ad-Hoc|Any CPU.Build.0 = Release|Any CPU
		{550A93D9-BB55-4E21-9A10-19451EF8E255}.Ad-Hoc|ARM.ActiveCfg = Debug|Any CPU
		{550A93D9-BB55-4E21-9A10-19451EF8E255}.Ad-Hoc|ARM.Build.0 = Debug|Any CPU
		{550A93D9-BB55-4E21-9A10-19451EF8E255}.Ad-Hoc|iPhone.ActiveCfg = Release|Any CPU
		{550A93D9-BB55-4E21-9A10-19451EF8E255}.Ad-Hoc|iPhone.Build.0 = Release|Any CPU
		{550A93D9-BB55-4E21-9A10-19451EF8E255}.Ad-Hoc|iPhoneSimulator.ActiveCfg = Release|Any CPU
		{550A93D9-BB55-4E21-9A10-19451EF8E255}.Ad-Hoc|iPhoneSimulator.Build.0 = Release|Any CPU
		{550A93D9-BB55-4E21-9A10-19451EF8E255}.Ad-Hoc|x86.ActiveCfg = Debug|Any CPU
		{550A93D9-BB55-4E21-9A10-19451EF8E255}.Ad-Hoc|x86.Build.0 = Debug|Any CPU
		{550A93D9-BB55-4E21-9A10-19451EF8E255}.AppStore|Any CPU.ActiveCfg = Release|Any CPU
		{550A93D9-BB55-4E21-9A10-19451EF8E255}.AppStore|Any CPU.Build.0 = Release|Any CPU
		{550A93D9-BB55-4E21-9A10-19451EF8E255}.AppStore|ARM.ActiveCfg = Debug|Any CPU
		{550A93D9-BB55-4E21-9A10-19451EF8E255}.AppStore|ARM.Build.0 = Debug|Any CPU
		{550A93D9-BB55-4E21-9A10-19451EF8E255}.AppStore|iPhone.ActiveCfg = Release|Any CPU
		{550A93D9-BB55-4E21-9A10-19451EF8E255}.AppStore|iPhone.Build.0 = Release|Any CPU
		{550A93D9-BB55-4E21-9A10-19451EF8E255}.AppStore|iPhoneSimulator.ActiveCfg = Release|Any CPU
		{550A93D9-BB55-4E21-9A10-19451EF8E255}.AppStore|iPhoneSimulator.Build.0 = Release|Any CPU
		{550A93D9-BB55-4E21-9A10-19451EF8E255}.AppStore|x86.ActiveCfg = Debug|Any CPU
		{550A93D9-BB55-4E21-9A10-19451EF8E255}.AppStore|x86.Build.0 = Debug|Any CPU
		{550A93D9-BB55-4E21-9A10-19451EF8E255}.Debug|Any CPU.ActiveCfg = Debug|Any CPU
		{550A93D9-BB55-4E21-9A10-19451EF8E255}.Debug|Any CPU.Build.0 = Debug|Any CPU
		{550A93D9-BB55-4E21-9A10-19451EF8E255}.Debug|ARM.ActiveCfg = Debug|Any CPU
		{550A93D9-BB55-4E21-9A10-19451EF8E255}.Debug|ARM.Build.0 = Debug|Any CPU
		{550A93D9-BB55-4E21-9A10-19451EF8E255}.Debug|iPhone.ActiveCfg = Debug|Any CPU
		{550A93D9-BB55-4E21-9A10-19451EF8E255}.Debug|iPhone.Build.0 = Debug|Any CPU
		{550A93D9-BB55-4E21-9A10-19451EF8E255}.Debug|iPhoneSimulator.ActiveCfg = Debug|Any CPU
		{550A93D9-BB55-4E21-9A10-19451EF8E255}.Debug|iPhoneSimulator.Build.0 = Debug|Any CPU
		{550A93D9-BB55-4E21-9A10-19451EF8E255}.Debug|x86.ActiveCfg = Debug|Any CPU
		{550A93D9-BB55-4E21-9A10-19451EF8E255}.Debug|x86.Build.0 = Debug|Any CPU
		{550A93D9-BB55-4E21-9A10-19451EF8E255}.Release|Any CPU.ActiveCfg = Release|Any CPU
		{550A93D9-BB55-4E21-9A10-19451EF8E255}.Release|Any CPU.Build.0 = Release|Any CPU
		{550A93D9-BB55-4E21-9A10-19451EF8E255}.Release|ARM.ActiveCfg = Release|Any CPU
		{550A93D9-BB55-4E21-9A10-19451EF8E255}.Release|ARM.Build.0 = Release|Any CPU
		{550A93D9-BB55-4E21-9A10-19451EF8E255}.Release|iPhone.ActiveCfg = Release|Any CPU
		{550A93D9-BB55-4E21-9A10-19451EF8E255}.Release|iPhone.Build.0 = Release|Any CPU
		{550A93D9-BB55-4E21-9A10-19451EF8E255}.Release|iPhoneSimulator.ActiveCfg = Release|Any CPU
		{550A93D9-BB55-4E21-9A10-19451EF8E255}.Release|iPhoneSimulator.Build.0 = Release|Any CPU
		{550A93D9-BB55-4E21-9A10-19451EF8E255}.Release|x86.ActiveCfg = Release|Any CPU
		{550A93D9-BB55-4E21-9A10-19451EF8E255}.Release|x86.Build.0 = Release|Any CPU
		{7D6FDE4A-7CD1-474F-8851-4FE8ABAA1072}.Ad-Hoc|Any CPU.ActiveCfg = Release|Any CPU
		{7D6FDE4A-7CD1-474F-8851-4FE8ABAA1072}.Ad-Hoc|Any CPU.Build.0 = Release|Any CPU
		{7D6FDE4A-7CD1-474F-8851-4FE8ABAA1072}.Ad-Hoc|ARM.ActiveCfg = Debug|Any CPU
		{7D6FDE4A-7CD1-474F-8851-4FE8ABAA1072}.Ad-Hoc|ARM.Build.0 = Debug|Any CPU
		{7D6FDE4A-7CD1-474F-8851-4FE8ABAA1072}.Ad-Hoc|iPhone.ActiveCfg = Release|Any CPU
		{7D6FDE4A-7CD1-474F-8851-4FE8ABAA1072}.Ad-Hoc|iPhone.Build.0 = Release|Any CPU
		{7D6FDE4A-7CD1-474F-8851-4FE8ABAA1072}.Ad-Hoc|iPhoneSimulator.ActiveCfg = Release|Any CPU
		{7D6FDE4A-7CD1-474F-8851-4FE8ABAA1072}.Ad-Hoc|iPhoneSimulator.Build.0 = Release|Any CPU
		{7D6FDE4A-7CD1-474F-8851-4FE8ABAA1072}.Ad-Hoc|x86.ActiveCfg = Debug|Any CPU
		{7D6FDE4A-7CD1-474F-8851-4FE8ABAA1072}.Ad-Hoc|x86.Build.0 = Debug|Any CPU
		{7D6FDE4A-7CD1-474F-8851-4FE8ABAA1072}.AppStore|Any CPU.ActiveCfg = Release|Any CPU
		{7D6FDE4A-7CD1-474F-8851-4FE8ABAA1072}.AppStore|Any CPU.Build.0 = Release|Any CPU
		{7D6FDE4A-7CD1-474F-8851-4FE8ABAA1072}.AppStore|ARM.ActiveCfg = Debug|Any CPU
		{7D6FDE4A-7CD1-474F-8851-4FE8ABAA1072}.AppStore|ARM.Build.0 = Debug|Any CPU
		{7D6FDE4A-7CD1-474F-8851-4FE8ABAA1072}.AppStore|iPhone.ActiveCfg = Release|Any CPU
		{7D6FDE4A-7CD1-474F-8851-4FE8ABAA1072}.AppStore|iPhone.Build.0 = Release|Any CPU
		{7D6FDE4A-7CD1-474F-8851-4FE8ABAA1072}.AppStore|iPhoneSimulator.ActiveCfg = Release|Any CPU
		{7D6FDE4A-7CD1-474F-8851-4FE8ABAA1072}.AppStore|iPhoneSimulator.Build.0 = Release|Any CPU
		{7D6FDE4A-7CD1-474F-8851-4FE8ABAA1072}.AppStore|x86.ActiveCfg = Debug|Any CPU
		{7D6FDE4A-7CD1-474F-8851-4FE8ABAA1072}.AppStore|x86.Build.0 = Debug|Any CPU
		{7D6FDE4A-7CD1-474F-8851-4FE8ABAA1072}.Debug|Any CPU.ActiveCfg = Debug|Any CPU
		{7D6FDE4A-7CD1-474F-8851-4FE8ABAA1072}.Debug|Any CPU.Build.0 = Debug|Any CPU
		{7D6FDE4A-7CD1-474F-8851-4FE8ABAA1072}.Debug|ARM.ActiveCfg = Debug|Any CPU
		{7D6FDE4A-7CD1-474F-8851-4FE8ABAA1072}.Debug|ARM.Build.0 = Debug|Any CPU
		{7D6FDE4A-7CD1-474F-8851-4FE8ABAA1072}.Debug|iPhone.ActiveCfg = Debug|Any CPU
		{7D6FDE4A-7CD1-474F-8851-4FE8ABAA1072}.Debug|iPhone.Build.0 = Debug|Any CPU
		{7D6FDE4A-7CD1-474F-8851-4FE8ABAA1072}.Debug|iPhoneSimulator.ActiveCfg = Debug|Any CPU
		{7D6FDE4A-7CD1-474F-8851-4FE8ABAA1072}.Debug|iPhoneSimulator.Build.0 = Debug|Any CPU
		{7D6FDE4A-7CD1-474F-8851-4FE8ABAA1072}.Debug|x86.ActiveCfg = Debug|Any CPU
		{7D6FDE4A-7CD1-474F-8851-4FE8ABAA1072}.Debug|x86.Build.0 = Debug|Any CPU
		{7D6FDE4A-7CD1-474F-8851-4FE8ABAA1072}.Release|Any CPU.ActiveCfg = Release|Any CPU
		{7D6FDE4A-7CD1-474F-8851-4FE8ABAA1072}.Release|Any CPU.Build.0 = Release|Any CPU
		{7D6FDE4A-7CD1-474F-8851-4FE8ABAA1072}.Release|ARM.ActiveCfg = Release|Any CPU
		{7D6FDE4A-7CD1-474F-8851-4FE8ABAA1072}.Release|ARM.Build.0 = Release|Any CPU
		{7D6FDE4A-7CD1-474F-8851-4FE8ABAA1072}.Release|iPhone.ActiveCfg = Release|Any CPU
		{7D6FDE4A-7CD1-474F-8851-4FE8ABAA1072}.Release|iPhone.Build.0 = Release|Any CPU
		{7D6FDE4A-7CD1-474F-8851-4FE8ABAA1072}.Release|iPhoneSimulator.ActiveCfg = Release|Any CPU
		{7D6FDE4A-7CD1-474F-8851-4FE8ABAA1072}.Release|iPhoneSimulator.Build.0 = Release|Any CPU
		{7D6FDE4A-7CD1-474F-8851-4FE8ABAA1072}.Release|x86.ActiveCfg = Release|Any CPU
		{7D6FDE4A-7CD1-474F-8851-4FE8ABAA1072}.Release|x86.Build.0 = Release|Any CPU
		{26FD939B-3579-4485-B4FB-90B0A807AC8E}.Ad-Hoc|Any CPU.ActiveCfg = Release|Any CPU
		{26FD939B-3579-4485-B4FB-90B0A807AC8E}.Ad-Hoc|Any CPU.Build.0 = Release|Any CPU
		{26FD939B-3579-4485-B4FB-90B0A807AC8E}.Ad-Hoc|ARM.ActiveCfg = Debug|Any CPU
		{26FD939B-3579-4485-B4FB-90B0A807AC8E}.Ad-Hoc|ARM.Build.0 = Debug|Any CPU
		{26FD939B-3579-4485-B4FB-90B0A807AC8E}.Ad-Hoc|iPhone.ActiveCfg = Release|Any CPU
		{26FD939B-3579-4485-B4FB-90B0A807AC8E}.Ad-Hoc|iPhone.Build.0 = Release|Any CPU
		{26FD939B-3579-4485-B4FB-90B0A807AC8E}.Ad-Hoc|iPhoneSimulator.ActiveCfg = Release|Any CPU
		{26FD939B-3579-4485-B4FB-90B0A807AC8E}.Ad-Hoc|iPhoneSimulator.Build.0 = Release|Any CPU
		{26FD939B-3579-4485-B4FB-90B0A807AC8E}.Ad-Hoc|x86.ActiveCfg = Debug|Any CPU
		{26FD939B-3579-4485-B4FB-90B0A807AC8E}.Ad-Hoc|x86.Build.0 = Debug|Any CPU
		{26FD939B-3579-4485-B4FB-90B0A807AC8E}.AppStore|Any CPU.ActiveCfg = Release|Any CPU
		{26FD939B-3579-4485-B4FB-90B0A807AC8E}.AppStore|Any CPU.Build.0 = Release|Any CPU
		{26FD939B-3579-4485-B4FB-90B0A807AC8E}.AppStore|ARM.ActiveCfg = Debug|Any CPU
		{26FD939B-3579-4485-B4FB-90B0A807AC8E}.AppStore|ARM.Build.0 = Debug|Any CPU
		{26FD939B-3579-4485-B4FB-90B0A807AC8E}.AppStore|iPhone.ActiveCfg = Release|Any CPU
		{26FD939B-3579-4485-B4FB-90B0A807AC8E}.AppStore|iPhone.Build.0 = Release|Any CPU
		{26FD939B-3579-4485-B4FB-90B0A807AC8E}.AppStore|iPhoneSimulator.ActiveCfg = Release|Any CPU
		{26FD939B-3579-4485-B4FB-90B0A807AC8E}.AppStore|iPhoneSimulator.Build.0 = Release|Any CPU
		{26FD939B-3579-4485-B4FB-90B0A807AC8E}.AppStore|x86.ActiveCfg = Debug|Any CPU
		{26FD939B-3579-4485-B4FB-90B0A807AC8E}.AppStore|x86.Build.0 = Debug|Any CPU
		{26FD939B-3579-4485-B4FB-90B0A807AC8E}.Debug|Any CPU.ActiveCfg = Debug|Any CPU
		{26FD939B-3579-4485-B4FB-90B0A807AC8E}.Debug|Any CPU.Build.0 = Debug|Any CPU
		{26FD939B-3579-4485-B4FB-90B0A807AC8E}.Debug|ARM.ActiveCfg = Debug|Any CPU
		{26FD939B-3579-4485-B4FB-90B0A807AC8E}.Debug|ARM.Build.0 = Debug|Any CPU
		{26FD939B-3579-4485-B4FB-90B0A807AC8E}.Debug|iPhone.ActiveCfg = Debug|Any CPU
		{26FD939B-3579-4485-B4FB-90B0A807AC8E}.Debug|iPhone.Build.0 = Debug|Any CPU
		{26FD939B-3579-4485-B4FB-90B0A807AC8E}.Debug|iPhoneSimulator.ActiveCfg = Debug|Any CPU
		{26FD939B-3579-4485-B4FB-90B0A807AC8E}.Debug|iPhoneSimulator.Build.0 = Debug|Any CPU
		{26FD939B-3579-4485-B4FB-90B0A807AC8E}.Debug|x86.ActiveCfg = Debug|Any CPU
		{26FD939B-3579-4485-B4FB-90B0A807AC8E}.Debug|x86.Build.0 = Debug|Any CPU
		{26FD939B-3579-4485-B4FB-90B0A807AC8E}.Release|Any CPU.ActiveCfg = Release|Any CPU
		{26FD939B-3579-4485-B4FB-90B0A807AC8E}.Release|Any CPU.Build.0 = Release|Any CPU
		{26FD939B-3579-4485-B4FB-90B0A807AC8E}.Release|ARM.ActiveCfg = Release|Any CPU
		{26FD939B-3579-4485-B4FB-90B0A807AC8E}.Release|ARM.Build.0 = Release|Any CPU
		{26FD939B-3579-4485-B4FB-90B0A807AC8E}.Release|iPhone.ActiveCfg = Release|Any CPU
		{26FD939B-3579-4485-B4FB-90B0A807AC8E}.Release|iPhone.Build.0 = Release|Any CPU
		{26FD939B-3579-4485-B4FB-90B0A807AC8E}.Release|iPhoneSimulator.ActiveCfg = Release|Any CPU
		{26FD939B-3579-4485-B4FB-90B0A807AC8E}.Release|iPhoneSimulator.Build.0 = Release|Any CPU
		{26FD939B-3579-4485-B4FB-90B0A807AC8E}.Release|x86.ActiveCfg = Release|Any CPU
		{26FD939B-3579-4485-B4FB-90B0A807AC8E}.Release|x86.Build.0 = Release|Any CPU
		{CB871ED9-0681-46E0-92EB-0AE8B40524DA}.Ad-Hoc|Any CPU.ActiveCfg = Release|Any CPU
		{CB871ED9-0681-46E0-92EB-0AE8B40524DA}.Ad-Hoc|Any CPU.Build.0 = Release|Any CPU
		{CB871ED9-0681-46E0-92EB-0AE8B40524DA}.Ad-Hoc|ARM.ActiveCfg = Debug|Any CPU
		{CB871ED9-0681-46E0-92EB-0AE8B40524DA}.Ad-Hoc|ARM.Build.0 = Debug|Any CPU
		{CB871ED9-0681-46E0-92EB-0AE8B40524DA}.Ad-Hoc|iPhone.ActiveCfg = Release|Any CPU
		{CB871ED9-0681-46E0-92EB-0AE8B40524DA}.Ad-Hoc|iPhone.Build.0 = Release|Any CPU
		{CB871ED9-0681-46E0-92EB-0AE8B40524DA}.Ad-Hoc|iPhoneSimulator.ActiveCfg = Release|Any CPU
		{CB871ED9-0681-46E0-92EB-0AE8B40524DA}.Ad-Hoc|iPhoneSimulator.Build.0 = Release|Any CPU
		{CB871ED9-0681-46E0-92EB-0AE8B40524DA}.Ad-Hoc|x86.ActiveCfg = Debug|Any CPU
		{CB871ED9-0681-46E0-92EB-0AE8B40524DA}.Ad-Hoc|x86.Build.0 = Debug|Any CPU
		{CB871ED9-0681-46E0-92EB-0AE8B40524DA}.AppStore|Any CPU.ActiveCfg = Release|Any CPU
		{CB871ED9-0681-46E0-92EB-0AE8B40524DA}.AppStore|Any CPU.Build.0 = Release|Any CPU
		{CB871ED9-0681-46E0-92EB-0AE8B40524DA}.AppStore|ARM.ActiveCfg = Debug|Any CPU
		{CB871ED9-0681-46E0-92EB-0AE8B40524DA}.AppStore|ARM.Build.0 = Debug|Any CPU
		{CB871ED9-0681-46E0-92EB-0AE8B40524DA}.AppStore|iPhone.ActiveCfg = Release|Any CPU
		{CB871ED9-0681-46E0-92EB-0AE8B40524DA}.AppStore|iPhone.Build.0 = Release|Any CPU
		{CB871ED9-0681-46E0-92EB-0AE8B40524DA}.AppStore|iPhoneSimulator.ActiveCfg = Release|Any CPU
		{CB871ED9-0681-46E0-92EB-0AE8B40524DA}.AppStore|iPhoneSimulator.Build.0 = Release|Any CPU
		{CB871ED9-0681-46E0-92EB-0AE8B40524DA}.AppStore|x86.ActiveCfg = Debug|Any CPU
		{CB871ED9-0681-46E0-92EB-0AE8B40524DA}.AppStore|x86.Build.0 = Debug|Any CPU
		{CB871ED9-0681-46E0-92EB-0AE8B40524DA}.Debug|Any CPU.ActiveCfg = Debug|Any CPU
		{CB871ED9-0681-46E0-92EB-0AE8B40524DA}.Debug|Any CPU.Build.0 = Debug|Any CPU
		{CB871ED9-0681-46E0-92EB-0AE8B40524DA}.Debug|ARM.ActiveCfg = Debug|Any CPU
		{CB871ED9-0681-46E0-92EB-0AE8B40524DA}.Debug|ARM.Build.0 = Debug|Any CPU
		{CB871ED9-0681-46E0-92EB-0AE8B40524DA}.Debug|iPhone.ActiveCfg = Debug|Any CPU
		{CB871ED9-0681-46E0-92EB-0AE8B40524DA}.Debug|iPhone.Build.0 = Debug|Any CPU
		{CB871ED9-0681-46E0-92EB-0AE8B40524DA}.Debug|iPhoneSimulator.ActiveCfg = Debug|Any CPU
		{CB871ED9-0681-46E0-92EB-0AE8B40524DA}.Debug|iPhoneSimulator.Build.0 = Debug|Any CPU
		{CB871ED9-0681-46E0-92EB-0AE8B40524DA}.Debug|x86.ActiveCfg = Debug|Any CPU
		{CB871ED9-0681-46E0-92EB-0AE8B40524DA}.Debug|x86.Build.0 = Debug|Any CPU
		{CB871ED9-0681-46E0-92EB-0AE8B40524DA}.Release|Any CPU.ActiveCfg = Release|Any CPU
		{CB871ED9-0681-46E0-92EB-0AE8B40524DA}.Release|Any CPU.Build.0 = Release|Any CPU
		{CB871ED9-0681-46E0-92EB-0AE8B40524DA}.Release|ARM.ActiveCfg = Release|Any CPU
		{CB871ED9-0681-46E0-92EB-0AE8B40524DA}.Release|ARM.Build.0 = Release|Any CPU
		{CB871ED9-0681-46E0-92EB-0AE8B40524DA}.Release|iPhone.ActiveCfg = Release|Any CPU
		{CB871ED9-0681-46E0-92EB-0AE8B40524DA}.Release|iPhone.Build.0 = Release|Any CPU
		{CB871ED9-0681-46E0-92EB-0AE8B40524DA}.Release|iPhoneSimulator.ActiveCfg = Release|Any CPU
		{CB871ED9-0681-46E0-92EB-0AE8B40524DA}.Release|iPhoneSimulator.Build.0 = Release|Any CPU
		{CB871ED9-0681-46E0-92EB-0AE8B40524DA}.Release|x86.ActiveCfg = Release|Any CPU
		{CB871ED9-0681-46E0-92EB-0AE8B40524DA}.Release|x86.Build.0 = Release|Any CPU
		{0C867CE7-BF26-48FF-8E51-4A963F518DD7}.Ad-Hoc|Any CPU.ActiveCfg = Release|Any CPU
		{0C867CE7-BF26-48FF-8E51-4A963F518DD7}.Ad-Hoc|Any CPU.Build.0 = Release|Any CPU
		{0C867CE7-BF26-48FF-8E51-4A963F518DD7}.Ad-Hoc|ARM.ActiveCfg = Debug|Any CPU
		{0C867CE7-BF26-48FF-8E51-4A963F518DD7}.Ad-Hoc|ARM.Build.0 = Debug|Any CPU
		{0C867CE7-BF26-48FF-8E51-4A963F518DD7}.Ad-Hoc|iPhone.ActiveCfg = Release|Any CPU
		{0C867CE7-BF26-48FF-8E51-4A963F518DD7}.Ad-Hoc|iPhone.Build.0 = Release|Any CPU
		{0C867CE7-BF26-48FF-8E51-4A963F518DD7}.Ad-Hoc|iPhoneSimulator.ActiveCfg = Release|Any CPU
		{0C867CE7-BF26-48FF-8E51-4A963F518DD7}.Ad-Hoc|iPhoneSimulator.Build.0 = Release|Any CPU
		{0C867CE7-BF26-48FF-8E51-4A963F518DD7}.Ad-Hoc|x86.ActiveCfg = Debug|Any CPU
		{0C867CE7-BF26-48FF-8E51-4A963F518DD7}.Ad-Hoc|x86.Build.0 = Debug|Any CPU
		{0C867CE7-BF26-48FF-8E51-4A963F518DD7}.AppStore|Any CPU.ActiveCfg = Release|Any CPU
		{0C867CE7-BF26-48FF-8E51-4A963F518DD7}.AppStore|Any CPU.Build.0 = Release|Any CPU
		{0C867CE7-BF26-48FF-8E51-4A963F518DD7}.AppStore|ARM.ActiveCfg = Debug|Any CPU
		{0C867CE7-BF26-48FF-8E51-4A963F518DD7}.AppStore|ARM.Build.0 = Debug|Any CPU
		{0C867CE7-BF26-48FF-8E51-4A963F518DD7}.AppStore|iPhone.ActiveCfg = Release|Any CPU
		{0C867CE7-BF26-48FF-8E51-4A963F518DD7}.AppStore|iPhone.Build.0 = Release|Any CPU
		{0C867CE7-BF26-48FF-8E51-4A963F518DD7}.AppStore|iPhoneSimulator.ActiveCfg = Release|Any CPU
		{0C867CE7-BF26-48FF-8E51-4A963F518DD7}.AppStore|iPhoneSimulator.Build.0 = Release|Any CPU
		{0C867CE7-BF26-48FF-8E51-4A963F518DD7}.AppStore|x86.ActiveCfg = Debug|Any CPU
		{0C867CE7-BF26-48FF-8E51-4A963F518DD7}.AppStore|x86.Build.0 = Debug|Any CPU
		{0C867CE7-BF26-48FF-8E51-4A963F518DD7}.Debug|Any CPU.ActiveCfg = Debug|Any CPU
		{0C867CE7-BF26-48FF-8E51-4A963F518DD7}.Debug|Any CPU.Build.0 = Debug|Any CPU
		{0C867CE7-BF26-48FF-8E51-4A963F518DD7}.Debug|ARM.ActiveCfg = Debug|Any CPU
		{0C867CE7-BF26-48FF-8E51-4A963F518DD7}.Debug|ARM.Build.0 = Debug|Any CPU
		{0C867CE7-BF26-48FF-8E51-4A963F518DD7}.Debug|iPhone.ActiveCfg = Debug|Any CPU
		{0C867CE7-BF26-48FF-8E51-4A963F518DD7}.Debug|iPhone.Build.0 = Debug|Any CPU
		{0C867CE7-BF26-48FF-8E51-4A963F518DD7}.Debug|iPhoneSimulator.ActiveCfg = Debug|Any CPU
		{0C867CE7-BF26-48FF-8E51-4A963F518DD7}.Debug|iPhoneSimulator.Build.0 = Debug|Any CPU
		{0C867CE7-BF26-48FF-8E51-4A963F518DD7}.Debug|x86.ActiveCfg = Debug|Any CPU
		{0C867CE7-BF26-48FF-8E51-4A963F518DD7}.Debug|x86.Build.0 = Debug|Any CPU
		{0C867CE7-BF26-48FF-8E51-4A963F518DD7}.Release|Any CPU.ActiveCfg = Release|Any CPU
		{0C867CE7-BF26-48FF-8E51-4A963F518DD7}.Release|Any CPU.Build.0 = Release|Any CPU
		{0C867CE7-BF26-48FF-8E51-4A963F518DD7}.Release|ARM.ActiveCfg = Release|Any CPU
		{0C867CE7-BF26-48FF-8E51-4A963F518DD7}.Release|ARM.Build.0 = Release|Any CPU
		{0C867CE7-BF26-48FF-8E51-4A963F518DD7}.Release|iPhone.ActiveCfg = Release|Any CPU
		{0C867CE7-BF26-48FF-8E51-4A963F518DD7}.Release|iPhone.Build.0 = Release|Any CPU
		{0C867CE7-BF26-48FF-8E51-4A963F518DD7}.Release|iPhoneSimulator.ActiveCfg = Release|Any CPU
		{0C867CE7-BF26-48FF-8E51-4A963F518DD7}.Release|iPhoneSimulator.Build.0 = Release|Any CPU
		{0C867CE7-BF26-48FF-8E51-4A963F518DD7}.Release|x86.ActiveCfg = Release|Any CPU
		{0C867CE7-BF26-48FF-8E51-4A963F518DD7}.Release|x86.Build.0 = Release|Any CPU
		{50966C51-C01D-4C3E-9865-CE8929597168}.Ad-Hoc|Any CPU.ActiveCfg = Release|Any CPU
		{50966C51-C01D-4C3E-9865-CE8929597168}.Ad-Hoc|Any CPU.Build.0 = Release|Any CPU
		{50966C51-C01D-4C3E-9865-CE8929597168}.Ad-Hoc|ARM.ActiveCfg = Debug|Any CPU
		{50966C51-C01D-4C3E-9865-CE8929597168}.Ad-Hoc|ARM.Build.0 = Debug|Any CPU
		{50966C51-C01D-4C3E-9865-CE8929597168}.Ad-Hoc|iPhone.ActiveCfg = Release|Any CPU
		{50966C51-C01D-4C3E-9865-CE8929597168}.Ad-Hoc|iPhone.Build.0 = Release|Any CPU
		{50966C51-C01D-4C3E-9865-CE8929597168}.Ad-Hoc|iPhoneSimulator.ActiveCfg = Release|Any CPU
		{50966C51-C01D-4C3E-9865-CE8929597168}.Ad-Hoc|iPhoneSimulator.Build.0 = Release|Any CPU
		{50966C51-C01D-4C3E-9865-CE8929597168}.Ad-Hoc|x86.ActiveCfg = Debug|Any CPU
		{50966C51-C01D-4C3E-9865-CE8929597168}.Ad-Hoc|x86.Build.0 = Debug|Any CPU
		{50966C51-C01D-4C3E-9865-CE8929597168}.AppStore|Any CPU.ActiveCfg = Release|Any CPU
		{50966C51-C01D-4C3E-9865-CE8929597168}.AppStore|Any CPU.Build.0 = Release|Any CPU
		{50966C51-C01D-4C3E-9865-CE8929597168}.AppStore|ARM.ActiveCfg = Debug|Any CPU
		{50966C51-C01D-4C3E-9865-CE8929597168}.AppStore|ARM.Build.0 = Debug|Any CPU
		{50966C51-C01D-4C3E-9865-CE8929597168}.AppStore|iPhone.ActiveCfg = Release|Any CPU
		{50966C51-C01D-4C3E-9865-CE8929597168}.AppStore|iPhone.Build.0 = Release|Any CPU
		{50966C51-C01D-4C3E-9865-CE8929597168}.AppStore|iPhoneSimulator.ActiveCfg = Release|Any CPU
		{50966C51-C01D-4C3E-9865-CE8929597168}.AppStore|iPhoneSimulator.Build.0 = Release|Any CPU
		{50966C51-C01D-4C3E-9865-CE8929597168}.AppStore|x86.ActiveCfg = Debug|Any CPU
		{50966C51-C01D-4C3E-9865-CE8929597168}.AppStore|x86.Build.0 = Debug|Any CPU
		{50966C51-C01D-4C3E-9865-CE8929597168}.Debug|Any CPU.ActiveCfg = Debug|Any CPU
		{50966C51-C01D-4C3E-9865-CE8929597168}.Debug|Any CPU.Build.0 = Debug|Any CPU
		{50966C51-C01D-4C3E-9865-CE8929597168}.Debug|ARM.ActiveCfg = Debug|Any CPU
		{50966C51-C01D-4C3E-9865-CE8929597168}.Debug|ARM.Build.0 = Debug|Any CPU
		{50966C51-C01D-4C3E-9865-CE8929597168}.Debug|iPhone.ActiveCfg = Debug|Any CPU
		{50966C51-C01D-4C3E-9865-CE8929597168}.Debug|iPhone.Build.0 = Debug|Any CPU
		{50966C51-C01D-4C3E-9865-CE8929597168}.Debug|iPhoneSimulator.ActiveCfg = Debug|Any CPU
		{50966C51-C01D-4C3E-9865-CE8929597168}.Debug|iPhoneSimulator.Build.0 = Debug|Any CPU
		{50966C51-C01D-4C3E-9865-CE8929597168}.Debug|x86.ActiveCfg = Debug|Any CPU
		{50966C51-C01D-4C3E-9865-CE8929597168}.Debug|x86.Build.0 = Debug|Any CPU
		{50966C51-C01D-4C3E-9865-CE8929597168}.Release|Any CPU.ActiveCfg = Release|Any CPU
		{50966C51-C01D-4C3E-9865-CE8929597168}.Release|Any CPU.Build.0 = Release|Any CPU
		{50966C51-C01D-4C3E-9865-CE8929597168}.Release|ARM.ActiveCfg = Release|Any CPU
		{50966C51-C01D-4C3E-9865-CE8929597168}.Release|ARM.Build.0 = Release|Any CPU
		{50966C51-C01D-4C3E-9865-CE8929597168}.Release|iPhone.ActiveCfg = Release|Any CPU
		{50966C51-C01D-4C3E-9865-CE8929597168}.Release|iPhone.Build.0 = Release|Any CPU
		{50966C51-C01D-4C3E-9865-CE8929597168}.Release|iPhoneSimulator.ActiveCfg = Release|Any CPU
		{50966C51-C01D-4C3E-9865-CE8929597168}.Release|iPhoneSimulator.Build.0 = Release|Any CPU
		{50966C51-C01D-4C3E-9865-CE8929597168}.Release|x86.ActiveCfg = Release|Any CPU
		{50966C51-C01D-4C3E-9865-CE8929597168}.Release|x86.Build.0 = Release|Any CPU
		{446CDAF8-F63F-473C-A0C2-3DE320A0F0BF}.Ad-Hoc|Any CPU.ActiveCfg = Release|Any CPU
		{446CDAF8-F63F-473C-A0C2-3DE320A0F0BF}.Ad-Hoc|Any CPU.Build.0 = Release|Any CPU
		{446CDAF8-F63F-473C-A0C2-3DE320A0F0BF}.Ad-Hoc|ARM.ActiveCfg = Debug|Any CPU
		{446CDAF8-F63F-473C-A0C2-3DE320A0F0BF}.Ad-Hoc|ARM.Build.0 = Debug|Any CPU
		{446CDAF8-F63F-473C-A0C2-3DE320A0F0BF}.Ad-Hoc|iPhone.ActiveCfg = Release|Any CPU
		{446CDAF8-F63F-473C-A0C2-3DE320A0F0BF}.Ad-Hoc|iPhone.Build.0 = Release|Any CPU
		{446CDAF8-F63F-473C-A0C2-3DE320A0F0BF}.Ad-Hoc|iPhoneSimulator.ActiveCfg = Release|Any CPU
		{446CDAF8-F63F-473C-A0C2-3DE320A0F0BF}.Ad-Hoc|iPhoneSimulator.Build.0 = Release|Any CPU
		{446CDAF8-F63F-473C-A0C2-3DE320A0F0BF}.Ad-Hoc|x86.ActiveCfg = Debug|Any CPU
		{446CDAF8-F63F-473C-A0C2-3DE320A0F0BF}.Ad-Hoc|x86.Build.0 = Debug|Any CPU
		{446CDAF8-F63F-473C-A0C2-3DE320A0F0BF}.AppStore|Any CPU.ActiveCfg = Release|Any CPU
		{446CDAF8-F63F-473C-A0C2-3DE320A0F0BF}.AppStore|Any CPU.Build.0 = Release|Any CPU
		{446CDAF8-F63F-473C-A0C2-3DE320A0F0BF}.AppStore|ARM.ActiveCfg = Debug|Any CPU
		{446CDAF8-F63F-473C-A0C2-3DE320A0F0BF}.AppStore|ARM.Build.0 = Debug|Any CPU
		{446CDAF8-F63F-473C-A0C2-3DE320A0F0BF}.AppStore|iPhone.ActiveCfg = Release|Any CPU
		{446CDAF8-F63F-473C-A0C2-3DE320A0F0BF}.AppStore|iPhone.Build.0 = Release|Any CPU
		{446CDAF8-F63F-473C-A0C2-3DE320A0F0BF}.AppStore|iPhoneSimulator.ActiveCfg = Release|Any CPU
		{446CDAF8-F63F-473C-A0C2-3DE320A0F0BF}.AppStore|iPhoneSimulator.Build.0 = Release|Any CPU
		{446CDAF8-F63F-473C-A0C2-3DE320A0F0BF}.AppStore|x86.ActiveCfg = Debug|Any CPU
		{446CDAF8-F63F-473C-A0C2-3DE320A0F0BF}.AppStore|x86.Build.0 = Debug|Any CPU
		{446CDAF8-F63F-473C-A0C2-3DE320A0F0BF}.Debug|Any CPU.ActiveCfg = Debug|Any CPU
		{446CDAF8-F63F-473C-A0C2-3DE320A0F0BF}.Debug|Any CPU.Build.0 = Debug|Any CPU
		{446CDAF8-F63F-473C-A0C2-3DE320A0F0BF}.Debug|ARM.ActiveCfg = Debug|Any CPU
		{446CDAF8-F63F-473C-A0C2-3DE320A0F0BF}.Debug|ARM.Build.0 = Debug|Any CPU
		{446CDAF8-F63F-473C-A0C2-3DE320A0F0BF}.Debug|iPhone.ActiveCfg = Debug|Any CPU
		{446CDAF8-F63F-473C-A0C2-3DE320A0F0BF}.Debug|iPhone.Build.0 = Debug|Any CPU
		{446CDAF8-F63F-473C-A0C2-3DE320A0F0BF}.Debug|iPhoneSimulator.ActiveCfg = Debug|Any CPU
		{446CDAF8-F63F-473C-A0C2-3DE320A0F0BF}.Debug|iPhoneSimulator.Build.0 = Debug|Any CPU
		{446CDAF8-F63F-473C-A0C2-3DE320A0F0BF}.Debug|x86.ActiveCfg = Debug|Any CPU
		{446CDAF8-F63F-473C-A0C2-3DE320A0F0BF}.Debug|x86.Build.0 = Debug|Any CPU
		{446CDAF8-F63F-473C-A0C2-3DE320A0F0BF}.Release|Any CPU.ActiveCfg = Release|Any CPU
		{446CDAF8-F63F-473C-A0C2-3DE320A0F0BF}.Release|Any CPU.Build.0 = Release|Any CPU
		{446CDAF8-F63F-473C-A0C2-3DE320A0F0BF}.Release|ARM.ActiveCfg = Release|Any CPU
		{446CDAF8-F63F-473C-A0C2-3DE320A0F0BF}.Release|ARM.Build.0 = Release|Any CPU
		{446CDAF8-F63F-473C-A0C2-3DE320A0F0BF}.Release|iPhone.ActiveCfg = Release|Any CPU
		{446CDAF8-F63F-473C-A0C2-3DE320A0F0BF}.Release|iPhone.Build.0 = Release|Any CPU
		{446CDAF8-F63F-473C-A0C2-3DE320A0F0BF}.Release|iPhoneSimulator.ActiveCfg = Release|Any CPU
		{446CDAF8-F63F-473C-A0C2-3DE320A0F0BF}.Release|iPhoneSimulator.Build.0 = Release|Any CPU
		{446CDAF8-F63F-473C-A0C2-3DE320A0F0BF}.Release|x86.ActiveCfg = Release|Any CPU
		{446CDAF8-F63F-473C-A0C2-3DE320A0F0BF}.Release|x86.Build.0 = Release|Any CPU
		{0E371BCF-DFD4-452C-A9D3-F3E6E995EF0E}.Ad-Hoc|Any CPU.ActiveCfg = Release|Any CPU
		{0E371BCF-DFD4-452C-A9D3-F3E6E995EF0E}.Ad-Hoc|Any CPU.Build.0 = Release|Any CPU
		{0E371BCF-DFD4-452C-A9D3-F3E6E995EF0E}.Ad-Hoc|ARM.ActiveCfg = Debug|Any CPU
		{0E371BCF-DFD4-452C-A9D3-F3E6E995EF0E}.Ad-Hoc|ARM.Build.0 = Debug|Any CPU
		{0E371BCF-DFD4-452C-A9D3-F3E6E995EF0E}.Ad-Hoc|iPhone.ActiveCfg = Release|Any CPU
		{0E371BCF-DFD4-452C-A9D3-F3E6E995EF0E}.Ad-Hoc|iPhone.Build.0 = Release|Any CPU
		{0E371BCF-DFD4-452C-A9D3-F3E6E995EF0E}.Ad-Hoc|iPhoneSimulator.ActiveCfg = Release|Any CPU
		{0E371BCF-DFD4-452C-A9D3-F3E6E995EF0E}.Ad-Hoc|iPhoneSimulator.Build.0 = Release|Any CPU
		{0E371BCF-DFD4-452C-A9D3-F3E6E995EF0E}.Ad-Hoc|x86.ActiveCfg = Debug|Any CPU
		{0E371BCF-DFD4-452C-A9D3-F3E6E995EF0E}.Ad-Hoc|x86.Build.0 = Debug|Any CPU
		{0E371BCF-DFD4-452C-A9D3-F3E6E995EF0E}.AppStore|Any CPU.ActiveCfg = Release|Any CPU
		{0E371BCF-DFD4-452C-A9D3-F3E6E995EF0E}.AppStore|Any CPU.Build.0 = Release|Any CPU
		{0E371BCF-DFD4-452C-A9D3-F3E6E995EF0E}.AppStore|ARM.ActiveCfg = Debug|Any CPU
		{0E371BCF-DFD4-452C-A9D3-F3E6E995EF0E}.AppStore|ARM.Build.0 = Debug|Any CPU
		{0E371BCF-DFD4-452C-A9D3-F3E6E995EF0E}.AppStore|iPhone.ActiveCfg = Release|Any CPU
		{0E371BCF-DFD4-452C-A9D3-F3E6E995EF0E}.AppStore|iPhone.Build.0 = Release|Any CPU
		{0E371BCF-DFD4-452C-A9D3-F3E6E995EF0E}.AppStore|iPhoneSimulator.ActiveCfg = Release|Any CPU
		{0E371BCF-DFD4-452C-A9D3-F3E6E995EF0E}.AppStore|iPhoneSimulator.Build.0 = Release|Any CPU
		{0E371BCF-DFD4-452C-A9D3-F3E6E995EF0E}.AppStore|x86.ActiveCfg = Debug|Any CPU
		{0E371BCF-DFD4-452C-A9D3-F3E6E995EF0E}.AppStore|x86.Build.0 = Debug|Any CPU
		{0E371BCF-DFD4-452C-A9D3-F3E6E995EF0E}.Debug|Any CPU.ActiveCfg = Debug|Any CPU
		{0E371BCF-DFD4-452C-A9D3-F3E6E995EF0E}.Debug|Any CPU.Build.0 = Debug|Any CPU
		{0E371BCF-DFD4-452C-A9D3-F3E6E995EF0E}.Debug|ARM.ActiveCfg = Debug|Any CPU
		{0E371BCF-DFD4-452C-A9D3-F3E6E995EF0E}.Debug|ARM.Build.0 = Debug|Any CPU
		{0E371BCF-DFD4-452C-A9D3-F3E6E995EF0E}.Debug|iPhone.ActiveCfg = Debug|Any CPU
		{0E371BCF-DFD4-452C-A9D3-F3E6E995EF0E}.Debug|iPhone.Build.0 = Debug|Any CPU
		{0E371BCF-DFD4-452C-A9D3-F3E6E995EF0E}.Debug|iPhoneSimulator.ActiveCfg = Debug|Any CPU
		{0E371BCF-DFD4-452C-A9D3-F3E6E995EF0E}.Debug|iPhoneSimulator.Build.0 = Debug|Any CPU
		{0E371BCF-DFD4-452C-A9D3-F3E6E995EF0E}.Debug|x86.ActiveCfg = Debug|Any CPU
		{0E371BCF-DFD4-452C-A9D3-F3E6E995EF0E}.Debug|x86.Build.0 = Debug|Any CPU
		{0E371BCF-DFD4-452C-A9D3-F3E6E995EF0E}.Release|Any CPU.ActiveCfg = Release|Any CPU
		{0E371BCF-DFD4-452C-A9D3-F3E6E995EF0E}.Release|Any CPU.Build.0 = Release|Any CPU
		{0E371BCF-DFD4-452C-A9D3-F3E6E995EF0E}.Release|ARM.ActiveCfg = Release|Any CPU
		{0E371BCF-DFD4-452C-A9D3-F3E6E995EF0E}.Release|ARM.Build.0 = Release|Any CPU
		{0E371BCF-DFD4-452C-A9D3-F3E6E995EF0E}.Release|iPhone.ActiveCfg = Release|Any CPU
		{0E371BCF-DFD4-452C-A9D3-F3E6E995EF0E}.Release|iPhone.Build.0 = Release|Any CPU
		{0E371BCF-DFD4-452C-A9D3-F3E6E995EF0E}.Release|iPhoneSimulator.ActiveCfg = Release|Any CPU
		{0E371BCF-DFD4-452C-A9D3-F3E6E995EF0E}.Release|iPhoneSimulator.Build.0 = Release|Any CPU
		{0E371BCF-DFD4-452C-A9D3-F3E6E995EF0E}.Release|x86.ActiveCfg = Release|Any CPU
		{0E371BCF-DFD4-452C-A9D3-F3E6E995EF0E}.Release|x86.Build.0 = Release|Any CPU
		{FD455925-3FAF-47CA-8102-3D46FF584E7F}.Ad-Hoc|Any CPU.ActiveCfg = Release|Any CPU
		{FD455925-3FAF-47CA-8102-3D46FF584E7F}.Ad-Hoc|Any CPU.Build.0 = Release|Any CPU
		{FD455925-3FAF-47CA-8102-3D46FF584E7F}.Ad-Hoc|ARM.ActiveCfg = Debug|Any CPU
		{FD455925-3FAF-47CA-8102-3D46FF584E7F}.Ad-Hoc|ARM.Build.0 = Debug|Any CPU
		{FD455925-3FAF-47CA-8102-3D46FF584E7F}.Ad-Hoc|iPhone.ActiveCfg = Release|Any CPU
		{FD455925-3FAF-47CA-8102-3D46FF584E7F}.Ad-Hoc|iPhone.Build.0 = Release|Any CPU
		{FD455925-3FAF-47CA-8102-3D46FF584E7F}.Ad-Hoc|iPhoneSimulator.ActiveCfg = Release|Any CPU
		{FD455925-3FAF-47CA-8102-3D46FF584E7F}.Ad-Hoc|iPhoneSimulator.Build.0 = Release|Any CPU
		{FD455925-3FAF-47CA-8102-3D46FF584E7F}.Ad-Hoc|x86.ActiveCfg = Debug|Any CPU
		{FD455925-3FAF-47CA-8102-3D46FF584E7F}.Ad-Hoc|x86.Build.0 = Debug|Any CPU
		{FD455925-3FAF-47CA-8102-3D46FF584E7F}.AppStore|Any CPU.ActiveCfg = Release|Any CPU
		{FD455925-3FAF-47CA-8102-3D46FF584E7F}.AppStore|Any CPU.Build.0 = Release|Any CPU
		{FD455925-3FAF-47CA-8102-3D46FF584E7F}.AppStore|ARM.ActiveCfg = Debug|Any CPU
		{FD455925-3FAF-47CA-8102-3D46FF584E7F}.AppStore|ARM.Build.0 = Debug|Any CPU
		{FD455925-3FAF-47CA-8102-3D46FF584E7F}.AppStore|iPhone.ActiveCfg = Release|Any CPU
		{FD455925-3FAF-47CA-8102-3D46FF584E7F}.AppStore|iPhone.Build.0 = Release|Any CPU
		{FD455925-3FAF-47CA-8102-3D46FF584E7F}.AppStore|iPhoneSimulator.ActiveCfg = Release|Any CPU
		{FD455925-3FAF-47CA-8102-3D46FF584E7F}.AppStore|iPhoneSimulator.Build.0 = Release|Any CPU
		{FD455925-3FAF-47CA-8102-3D46FF584E7F}.AppStore|x86.ActiveCfg = Debug|Any CPU
		{FD455925-3FAF-47CA-8102-3D46FF584E7F}.AppStore|x86.Build.0 = Debug|Any CPU
		{FD455925-3FAF-47CA-8102-3D46FF584E7F}.Debug|Any CPU.ActiveCfg = Debug|Any CPU
		{FD455925-3FAF-47CA-8102-3D46FF584E7F}.Debug|Any CPU.Build.0 = Debug|Any CPU
		{FD455925-3FAF-47CA-8102-3D46FF584E7F}.Debug|ARM.ActiveCfg = Debug|Any CPU
		{FD455925-3FAF-47CA-8102-3D46FF584E7F}.Debug|ARM.Build.0 = Debug|Any CPU
		{FD455925-3FAF-47CA-8102-3D46FF584E7F}.Debug|iPhone.ActiveCfg = Debug|Any CPU
		{FD455925-3FAF-47CA-8102-3D46FF584E7F}.Debug|iPhone.Build.0 = Debug|Any CPU
		{FD455925-3FAF-47CA-8102-3D46FF584E7F}.Debug|iPhoneSimulator.ActiveCfg = Debug|Any CPU
		{FD455925-3FAF-47CA-8102-3D46FF584E7F}.Debug|iPhoneSimulator.Build.0 = Debug|Any CPU
		{FD455925-3FAF-47CA-8102-3D46FF584E7F}.Debug|x86.ActiveCfg = Debug|Any CPU
		{FD455925-3FAF-47CA-8102-3D46FF584E7F}.Debug|x86.Build.0 = Debug|Any CPU
		{FD455925-3FAF-47CA-8102-3D46FF584E7F}.Release|Any CPU.ActiveCfg = Release|Any CPU
		{FD455925-3FAF-47CA-8102-3D46FF584E7F}.Release|Any CPU.Build.0 = Release|Any CPU
		{FD455925-3FAF-47CA-8102-3D46FF584E7F}.Release|ARM.ActiveCfg = Release|Any CPU
		{FD455925-3FAF-47CA-8102-3D46FF584E7F}.Release|ARM.Build.0 = Release|Any CPU
		{FD455925-3FAF-47CA-8102-3D46FF584E7F}.Release|iPhone.ActiveCfg = Release|Any CPU
		{FD455925-3FAF-47CA-8102-3D46FF584E7F}.Release|iPhone.Build.0 = Release|Any CPU
		{FD455925-3FAF-47CA-8102-3D46FF584E7F}.Release|iPhoneSimulator.ActiveCfg = Release|Any CPU
		{FD455925-3FAF-47CA-8102-3D46FF584E7F}.Release|iPhoneSimulator.Build.0 = Release|Any CPU
		{FD455925-3FAF-47CA-8102-3D46FF584E7F}.Release|x86.ActiveCfg = Release|Any CPU
		{FD455925-3FAF-47CA-8102-3D46FF584E7F}.Release|x86.Build.0 = Release|Any CPU
		{ADD03BC2-6D15-4388-B467-C2F3BAC66BC6}.Ad-Hoc|Any CPU.ActiveCfg = Release|Any CPU
		{ADD03BC2-6D15-4388-B467-C2F3BAC66BC6}.Ad-Hoc|Any CPU.Build.0 = Release|Any CPU
		{ADD03BC2-6D15-4388-B467-C2F3BAC66BC6}.Ad-Hoc|ARM.ActiveCfg = Debug|Any CPU
		{ADD03BC2-6D15-4388-B467-C2F3BAC66BC6}.Ad-Hoc|ARM.Build.0 = Debug|Any CPU
		{ADD03BC2-6D15-4388-B467-C2F3BAC66BC6}.Ad-Hoc|iPhone.ActiveCfg = Release|Any CPU
		{ADD03BC2-6D15-4388-B467-C2F3BAC66BC6}.Ad-Hoc|iPhone.Build.0 = Release|Any CPU
		{ADD03BC2-6D15-4388-B467-C2F3BAC66BC6}.Ad-Hoc|iPhoneSimulator.ActiveCfg = Release|Any CPU
		{ADD03BC2-6D15-4388-B467-C2F3BAC66BC6}.Ad-Hoc|iPhoneSimulator.Build.0 = Release|Any CPU
		{ADD03BC2-6D15-4388-B467-C2F3BAC66BC6}.Ad-Hoc|x86.ActiveCfg = Debug|Any CPU
		{ADD03BC2-6D15-4388-B467-C2F3BAC66BC6}.Ad-Hoc|x86.Build.0 = Debug|Any CPU
		{ADD03BC2-6D15-4388-B467-C2F3BAC66BC6}.AppStore|Any CPU.ActiveCfg = Release|Any CPU
		{ADD03BC2-6D15-4388-B467-C2F3BAC66BC6}.AppStore|Any CPU.Build.0 = Release|Any CPU
		{ADD03BC2-6D15-4388-B467-C2F3BAC66BC6}.AppStore|ARM.ActiveCfg = Debug|Any CPU
		{ADD03BC2-6D15-4388-B467-C2F3BAC66BC6}.AppStore|ARM.Build.0 = Debug|Any CPU
		{ADD03BC2-6D15-4388-B467-C2F3BAC66BC6}.AppStore|iPhone.ActiveCfg = Release|Any CPU
		{ADD03BC2-6D15-4388-B467-C2F3BAC66BC6}.AppStore|iPhone.Build.0 = Release|Any CPU
		{ADD03BC2-6D15-4388-B467-C2F3BAC66BC6}.AppStore|iPhoneSimulator.ActiveCfg = Release|Any CPU
		{ADD03BC2-6D15-4388-B467-C2F3BAC66BC6}.AppStore|iPhoneSimulator.Build.0 = Release|Any CPU
		{ADD03BC2-6D15-4388-B467-C2F3BAC66BC6}.AppStore|x86.ActiveCfg = Debug|Any CPU
		{ADD03BC2-6D15-4388-B467-C2F3BAC66BC6}.AppStore|x86.Build.0 = Debug|Any CPU
		{ADD03BC2-6D15-4388-B467-C2F3BAC66BC6}.Debug|Any CPU.ActiveCfg = Debug|Any CPU
		{ADD03BC2-6D15-4388-B467-C2F3BAC66BC6}.Debug|Any CPU.Build.0 = Debug|Any CPU
		{ADD03BC2-6D15-4388-B467-C2F3BAC66BC6}.Debug|ARM.ActiveCfg = Debug|Any CPU
		{ADD03BC2-6D15-4388-B467-C2F3BAC66BC6}.Debug|ARM.Build.0 = Debug|Any CPU
		{ADD03BC2-6D15-4388-B467-C2F3BAC66BC6}.Debug|iPhone.ActiveCfg = Debug|Any CPU
		{ADD03BC2-6D15-4388-B467-C2F3BAC66BC6}.Debug|iPhone.Build.0 = Debug|Any CPU
		{ADD03BC2-6D15-4388-B467-C2F3BAC66BC6}.Debug|iPhoneSimulator.ActiveCfg = Debug|Any CPU
		{ADD03BC2-6D15-4388-B467-C2F3BAC66BC6}.Debug|iPhoneSimulator.Build.0 = Debug|Any CPU
		{ADD03BC2-6D15-4388-B467-C2F3BAC66BC6}.Debug|x86.ActiveCfg = Debug|Any CPU
		{ADD03BC2-6D15-4388-B467-C2F3BAC66BC6}.Debug|x86.Build.0 = Debug|Any CPU
		{ADD03BC2-6D15-4388-B467-C2F3BAC66BC6}.Release|Any CPU.ActiveCfg = Release|Any CPU
		{ADD03BC2-6D15-4388-B467-C2F3BAC66BC6}.Release|Any CPU.Build.0 = Release|Any CPU
		{ADD03BC2-6D15-4388-B467-C2F3BAC66BC6}.Release|ARM.ActiveCfg = Release|Any CPU
		{ADD03BC2-6D15-4388-B467-C2F3BAC66BC6}.Release|ARM.Build.0 = Release|Any CPU
		{ADD03BC2-6D15-4388-B467-C2F3BAC66BC6}.Release|iPhone.ActiveCfg = Release|Any CPU
		{ADD03BC2-6D15-4388-B467-C2F3BAC66BC6}.Release|iPhone.Build.0 = Release|Any CPU
		{ADD03BC2-6D15-4388-B467-C2F3BAC66BC6}.Release|iPhoneSimulator.ActiveCfg = Release|Any CPU
		{ADD03BC2-6D15-4388-B467-C2F3BAC66BC6}.Release|iPhoneSimulator.Build.0 = Release|Any CPU
		{ADD03BC2-6D15-4388-B467-C2F3BAC66BC6}.Release|x86.ActiveCfg = Release|Any CPU
		{ADD03BC2-6D15-4388-B467-C2F3BAC66BC6}.Release|x86.Build.0 = Release|Any CPU
		{8FA08C94-D00E-4F98-9137-68C7EFB9D2D0}.Ad-Hoc|Any CPU.ActiveCfg = Release|Any CPU
		{8FA08C94-D00E-4F98-9137-68C7EFB9D2D0}.Ad-Hoc|Any CPU.Build.0 = Release|Any CPU
		{8FA08C94-D00E-4F98-9137-68C7EFB9D2D0}.Ad-Hoc|ARM.ActiveCfg = Debug|Any CPU
		{8FA08C94-D00E-4F98-9137-68C7EFB9D2D0}.Ad-Hoc|ARM.Build.0 = Debug|Any CPU
		{8FA08C94-D00E-4F98-9137-68C7EFB9D2D0}.Ad-Hoc|iPhone.ActiveCfg = Release|Any CPU
		{8FA08C94-D00E-4F98-9137-68C7EFB9D2D0}.Ad-Hoc|iPhone.Build.0 = Release|Any CPU
		{8FA08C94-D00E-4F98-9137-68C7EFB9D2D0}.Ad-Hoc|iPhoneSimulator.ActiveCfg = Release|Any CPU
		{8FA08C94-D00E-4F98-9137-68C7EFB9D2D0}.Ad-Hoc|iPhoneSimulator.Build.0 = Release|Any CPU
		{8FA08C94-D00E-4F98-9137-68C7EFB9D2D0}.Ad-Hoc|x86.ActiveCfg = Debug|Any CPU
		{8FA08C94-D00E-4F98-9137-68C7EFB9D2D0}.Ad-Hoc|x86.Build.0 = Debug|Any CPU
		{8FA08C94-D00E-4F98-9137-68C7EFB9D2D0}.AppStore|Any CPU.ActiveCfg = Release|Any CPU
		{8FA08C94-D00E-4F98-9137-68C7EFB9D2D0}.AppStore|Any CPU.Build.0 = Release|Any CPU
		{8FA08C94-D00E-4F98-9137-68C7EFB9D2D0}.AppStore|ARM.ActiveCfg = Debug|Any CPU
		{8FA08C94-D00E-4F98-9137-68C7EFB9D2D0}.AppStore|ARM.Build.0 = Debug|Any CPU
		{8FA08C94-D00E-4F98-9137-68C7EFB9D2D0}.AppStore|iPhone.ActiveCfg = Release|Any CPU
		{8FA08C94-D00E-4F98-9137-68C7EFB9D2D0}.AppStore|iPhone.Build.0 = Release|Any CPU
		{8FA08C94-D00E-4F98-9137-68C7EFB9D2D0}.AppStore|iPhoneSimulator.ActiveCfg = Release|Any CPU
		{8FA08C94-D00E-4F98-9137-68C7EFB9D2D0}.AppStore|iPhoneSimulator.Build.0 = Release|Any CPU
		{8FA08C94-D00E-4F98-9137-68C7EFB9D2D0}.AppStore|x86.ActiveCfg = Debug|Any CPU
		{8FA08C94-D00E-4F98-9137-68C7EFB9D2D0}.AppStore|x86.Build.0 = Debug|Any CPU
		{8FA08C94-D00E-4F98-9137-68C7EFB9D2D0}.Debug|Any CPU.ActiveCfg = Debug|Any CPU
		{8FA08C94-D00E-4F98-9137-68C7EFB9D2D0}.Debug|Any CPU.Build.0 = Debug|Any CPU
		{8FA08C94-D00E-4F98-9137-68C7EFB9D2D0}.Debug|ARM.ActiveCfg = Debug|Any CPU
		{8FA08C94-D00E-4F98-9137-68C7EFB9D2D0}.Debug|ARM.Build.0 = Debug|Any CPU
		{8FA08C94-D00E-4F98-9137-68C7EFB9D2D0}.Debug|iPhone.ActiveCfg = Debug|Any CPU
		{8FA08C94-D00E-4F98-9137-68C7EFB9D2D0}.Debug|iPhone.Build.0 = Debug|Any CPU
		{8FA08C94-D00E-4F98-9137-68C7EFB9D2D0}.Debug|iPhoneSimulator.ActiveCfg = Debug|Any CPU
		{8FA08C94-D00E-4F98-9137-68C7EFB9D2D0}.Debug|iPhoneSimulator.Build.0 = Debug|Any CPU
		{8FA08C94-D00E-4F98-9137-68C7EFB9D2D0}.Debug|x86.ActiveCfg = Debug|Any CPU
		{8FA08C94-D00E-4F98-9137-68C7EFB9D2D0}.Debug|x86.Build.0 = Debug|Any CPU
		{8FA08C94-D00E-4F98-9137-68C7EFB9D2D0}.Release|Any CPU.ActiveCfg = Release|Any CPU
		{8FA08C94-D00E-4F98-9137-68C7EFB9D2D0}.Release|Any CPU.Build.0 = Release|Any CPU
		{8FA08C94-D00E-4F98-9137-68C7EFB9D2D0}.Release|ARM.ActiveCfg = Release|Any CPU
		{8FA08C94-D00E-4F98-9137-68C7EFB9D2D0}.Release|ARM.Build.0 = Release|Any CPU
		{8FA08C94-D00E-4F98-9137-68C7EFB9D2D0}.Release|iPhone.ActiveCfg = Release|Any CPU
		{8FA08C94-D00E-4F98-9137-68C7EFB9D2D0}.Release|iPhone.Build.0 = Release|Any CPU
		{8FA08C94-D00E-4F98-9137-68C7EFB9D2D0}.Release|iPhoneSimulator.ActiveCfg = Release|Any CPU
		{8FA08C94-D00E-4F98-9137-68C7EFB9D2D0}.Release|iPhoneSimulator.Build.0 = Release|Any CPU
		{8FA08C94-D00E-4F98-9137-68C7EFB9D2D0}.Release|x86.ActiveCfg = Release|Any CPU
		{8FA08C94-D00E-4F98-9137-68C7EFB9D2D0}.Release|x86.Build.0 = Release|Any CPU
		{289659E6-284D-4A70-A03A-DC758BF6BB63}.Ad-Hoc|Any CPU.ActiveCfg = Release|Any CPU
		{289659E6-284D-4A70-A03A-DC758BF6BB63}.Ad-Hoc|Any CPU.Build.0 = Release|Any CPU
		{289659E6-284D-4A70-A03A-DC758BF6BB63}.Ad-Hoc|ARM.ActiveCfg = Debug|Any CPU
		{289659E6-284D-4A70-A03A-DC758BF6BB63}.Ad-Hoc|ARM.Build.0 = Debug|Any CPU
		{289659E6-284D-4A70-A03A-DC758BF6BB63}.Ad-Hoc|iPhone.ActiveCfg = Release|Any CPU
		{289659E6-284D-4A70-A03A-DC758BF6BB63}.Ad-Hoc|iPhone.Build.0 = Release|Any CPU
		{289659E6-284D-4A70-A03A-DC758BF6BB63}.Ad-Hoc|iPhoneSimulator.ActiveCfg = Release|Any CPU
		{289659E6-284D-4A70-A03A-DC758BF6BB63}.Ad-Hoc|iPhoneSimulator.Build.0 = Release|Any CPU
		{289659E6-284D-4A70-A03A-DC758BF6BB63}.Ad-Hoc|x86.ActiveCfg = Debug|Any CPU
		{289659E6-284D-4A70-A03A-DC758BF6BB63}.Ad-Hoc|x86.Build.0 = Debug|Any CPU
		{289659E6-284D-4A70-A03A-DC758BF6BB63}.AppStore|Any CPU.ActiveCfg = Release|Any CPU
		{289659E6-284D-4A70-A03A-DC758BF6BB63}.AppStore|Any CPU.Build.0 = Release|Any CPU
		{289659E6-284D-4A70-A03A-DC758BF6BB63}.AppStore|ARM.ActiveCfg = Debug|Any CPU
		{289659E6-284D-4A70-A03A-DC758BF6BB63}.AppStore|ARM.Build.0 = Debug|Any CPU
		{289659E6-284D-4A70-A03A-DC758BF6BB63}.AppStore|iPhone.ActiveCfg = Release|Any CPU
		{289659E6-284D-4A70-A03A-DC758BF6BB63}.AppStore|iPhone.Build.0 = Release|Any CPU
		{289659E6-284D-4A70-A03A-DC758BF6BB63}.AppStore|iPhoneSimulator.ActiveCfg = Release|Any CPU
		{289659E6-284D-4A70-A03A-DC758BF6BB63}.AppStore|iPhoneSimulator.Build.0 = Release|Any CPU
		{289659E6-284D-4A70-A03A-DC758BF6BB63}.AppStore|x86.ActiveCfg = Debug|Any CPU
		{289659E6-284D-4A70-A03A-DC758BF6BB63}.AppStore|x86.Build.0 = Debug|Any CPU
		{289659E6-284D-4A70-A03A-DC758BF6BB63}.Debug|Any CPU.ActiveCfg = Debug|Any CPU
		{289659E6-284D-4A70-A03A-DC758BF6BB63}.Debug|Any CPU.Build.0 = Debug|Any CPU
		{289659E6-284D-4A70-A03A-DC758BF6BB63}.Debug|ARM.ActiveCfg = Debug|Any CPU
		{289659E6-284D-4A70-A03A-DC758BF6BB63}.Debug|ARM.Build.0 = Debug|Any CPU
		{289659E6-284D-4A70-A03A-DC758BF6BB63}.Debug|iPhone.ActiveCfg = Debug|Any CPU
		{289659E6-284D-4A70-A03A-DC758BF6BB63}.Debug|iPhone.Build.0 = Debug|Any CPU
		{289659E6-284D-4A70-A03A-DC758BF6BB63}.Debug|iPhoneSimulator.ActiveCfg = Debug|Any CPU
		{289659E6-284D-4A70-A03A-DC758BF6BB63}.Debug|iPhoneSimulator.Build.0 = Debug|Any CPU
		{289659E6-284D-4A70-A03A-DC758BF6BB63}.Debug|x86.ActiveCfg = Debug|Any CPU
		{289659E6-284D-4A70-A03A-DC758BF6BB63}.Debug|x86.Build.0 = Debug|Any CPU
		{289659E6-284D-4A70-A03A-DC758BF6BB63}.Release|Any CPU.ActiveCfg = Release|Any CPU
		{289659E6-284D-4A70-A03A-DC758BF6BB63}.Release|Any CPU.Build.0 = Release|Any CPU
		{289659E6-284D-4A70-A03A-DC758BF6BB63}.Release|ARM.ActiveCfg = Release|Any CPU
		{289659E6-284D-4A70-A03A-DC758BF6BB63}.Release|ARM.Build.0 = Release|Any CPU
		{289659E6-284D-4A70-A03A-DC758BF6BB63}.Release|iPhone.ActiveCfg = Release|Any CPU
		{289659E6-284D-4A70-A03A-DC758BF6BB63}.Release|iPhone.Build.0 = Release|Any CPU
		{289659E6-284D-4A70-A03A-DC758BF6BB63}.Release|iPhoneSimulator.ActiveCfg = Release|Any CPU
		{289659E6-284D-4A70-A03A-DC758BF6BB63}.Release|iPhoneSimulator.Build.0 = Release|Any CPU
		{289659E6-284D-4A70-A03A-DC758BF6BB63}.Release|x86.ActiveCfg = Release|Any CPU
		{289659E6-284D-4A70-A03A-DC758BF6BB63}.Release|x86.Build.0 = Release|Any CPU
		{AD0BFC4C-B311-45B3-BA83-9C6A528AB34C}.Ad-Hoc|Any CPU.ActiveCfg = Release|Any CPU
		{AD0BFC4C-B311-45B3-BA83-9C6A528AB34C}.Ad-Hoc|Any CPU.Build.0 = Release|Any CPU
		{AD0BFC4C-B311-45B3-BA83-9C6A528AB34C}.Ad-Hoc|ARM.ActiveCfg = Debug|Any CPU
		{AD0BFC4C-B311-45B3-BA83-9C6A528AB34C}.Ad-Hoc|ARM.Build.0 = Debug|Any CPU
		{AD0BFC4C-B311-45B3-BA83-9C6A528AB34C}.Ad-Hoc|iPhone.ActiveCfg = Release|Any CPU
		{AD0BFC4C-B311-45B3-BA83-9C6A528AB34C}.Ad-Hoc|iPhone.Build.0 = Release|Any CPU
		{AD0BFC4C-B311-45B3-BA83-9C6A528AB34C}.Ad-Hoc|iPhoneSimulator.ActiveCfg = Release|Any CPU
		{AD0BFC4C-B311-45B3-BA83-9C6A528AB34C}.Ad-Hoc|iPhoneSimulator.Build.0 = Release|Any CPU
		{AD0BFC4C-B311-45B3-BA83-9C6A528AB34C}.Ad-Hoc|x86.ActiveCfg = Debug|Any CPU
		{AD0BFC4C-B311-45B3-BA83-9C6A528AB34C}.Ad-Hoc|x86.Build.0 = Debug|Any CPU
		{AD0BFC4C-B311-45B3-BA83-9C6A528AB34C}.AppStore|Any CPU.ActiveCfg = Release|Any CPU
		{AD0BFC4C-B311-45B3-BA83-9C6A528AB34C}.AppStore|Any CPU.Build.0 = Release|Any CPU
		{AD0BFC4C-B311-45B3-BA83-9C6A528AB34C}.AppStore|ARM.ActiveCfg = Debug|Any CPU
		{AD0BFC4C-B311-45B3-BA83-9C6A528AB34C}.AppStore|ARM.Build.0 = Debug|Any CPU
		{AD0BFC4C-B311-45B3-BA83-9C6A528AB34C}.AppStore|iPhone.ActiveCfg = Release|Any CPU
		{AD0BFC4C-B311-45B3-BA83-9C6A528AB34C}.AppStore|iPhone.Build.0 = Release|Any CPU
		{AD0BFC4C-B311-45B3-BA83-9C6A528AB34C}.AppStore|iPhoneSimulator.ActiveCfg = Release|Any CPU
		{AD0BFC4C-B311-45B3-BA83-9C6A528AB34C}.AppStore|iPhoneSimulator.Build.0 = Release|Any CPU
		{AD0BFC4C-B311-45B3-BA83-9C6A528AB34C}.AppStore|x86.ActiveCfg = Debug|Any CPU
		{AD0BFC4C-B311-45B3-BA83-9C6A528AB34C}.AppStore|x86.Build.0 = Debug|Any CPU
		{AD0BFC4C-B311-45B3-BA83-9C6A528AB34C}.Debug|Any CPU.ActiveCfg = Debug|Any CPU
		{AD0BFC4C-B311-45B3-BA83-9C6A528AB34C}.Debug|Any CPU.Build.0 = Debug|Any CPU
		{AD0BFC4C-B311-45B3-BA83-9C6A528AB34C}.Debug|ARM.ActiveCfg = Debug|Any CPU
		{AD0BFC4C-B311-45B3-BA83-9C6A528AB34C}.Debug|ARM.Build.0 = Debug|Any CPU
		{AD0BFC4C-B311-45B3-BA83-9C6A528AB34C}.Debug|iPhone.ActiveCfg = Debug|Any CPU
		{AD0BFC4C-B311-45B3-BA83-9C6A528AB34C}.Debug|iPhone.Build.0 = Debug|Any CPU
		{AD0BFC4C-B311-45B3-BA83-9C6A528AB34C}.Debug|iPhoneSimulator.ActiveCfg = Debug|Any CPU
		{AD0BFC4C-B311-45B3-BA83-9C6A528AB34C}.Debug|iPhoneSimulator.Build.0 = Debug|Any CPU
		{AD0BFC4C-B311-45B3-BA83-9C6A528AB34C}.Debug|x86.ActiveCfg = Debug|Any CPU
		{AD0BFC4C-B311-45B3-BA83-9C6A528AB34C}.Debug|x86.Build.0 = Debug|Any CPU
		{AD0BFC4C-B311-45B3-BA83-9C6A528AB34C}.Release|Any CPU.ActiveCfg = Release|Any CPU
		{AD0BFC4C-B311-45B3-BA83-9C6A528AB34C}.Release|Any CPU.Build.0 = Release|Any CPU
		{AD0BFC4C-B311-45B3-BA83-9C6A528AB34C}.Release|ARM.ActiveCfg = Release|Any CPU
		{AD0BFC4C-B311-45B3-BA83-9C6A528AB34C}.Release|ARM.Build.0 = Release|Any CPU
		{AD0BFC4C-B311-45B3-BA83-9C6A528AB34C}.Release|iPhone.ActiveCfg = Release|Any CPU
		{AD0BFC4C-B311-45B3-BA83-9C6A528AB34C}.Release|iPhone.Build.0 = Release|Any CPU
		{AD0BFC4C-B311-45B3-BA83-9C6A528AB34C}.Release|iPhoneSimulator.ActiveCfg = Release|Any CPU
		{AD0BFC4C-B311-45B3-BA83-9C6A528AB34C}.Release|iPhoneSimulator.Build.0 = Release|Any CPU
		{AD0BFC4C-B311-45B3-BA83-9C6A528AB34C}.Release|x86.ActiveCfg = Release|Any CPU
		{AD0BFC4C-B311-45B3-BA83-9C6A528AB34C}.Release|x86.Build.0 = Release|Any CPU
		{46D22CBE-39CA-48CB-A89E-BF4741093683}.Ad-Hoc|Any CPU.ActiveCfg = Release|Any CPU
		{46D22CBE-39CA-48CB-A89E-BF4741093683}.Ad-Hoc|Any CPU.Build.0 = Release|Any CPU
		{46D22CBE-39CA-48CB-A89E-BF4741093683}.Ad-Hoc|ARM.ActiveCfg = Debug|Any CPU
		{46D22CBE-39CA-48CB-A89E-BF4741093683}.Ad-Hoc|ARM.Build.0 = Debug|Any CPU
		{46D22CBE-39CA-48CB-A89E-BF4741093683}.Ad-Hoc|iPhone.ActiveCfg = Release|Any CPU
		{46D22CBE-39CA-48CB-A89E-BF4741093683}.Ad-Hoc|iPhone.Build.0 = Release|Any CPU
		{46D22CBE-39CA-48CB-A89E-BF4741093683}.Ad-Hoc|iPhoneSimulator.ActiveCfg = Release|Any CPU
		{46D22CBE-39CA-48CB-A89E-BF4741093683}.Ad-Hoc|iPhoneSimulator.Build.0 = Release|Any CPU
		{46D22CBE-39CA-48CB-A89E-BF4741093683}.Ad-Hoc|x86.ActiveCfg = Debug|Any CPU
		{46D22CBE-39CA-48CB-A89E-BF4741093683}.Ad-Hoc|x86.Build.0 = Debug|Any CPU
		{46D22CBE-39CA-48CB-A89E-BF4741093683}.AppStore|Any CPU.ActiveCfg = Release|Any CPU
		{46D22CBE-39CA-48CB-A89E-BF4741093683}.AppStore|Any CPU.Build.0 = Release|Any CPU
		{46D22CBE-39CA-48CB-A89E-BF4741093683}.AppStore|ARM.ActiveCfg = Debug|Any CPU
		{46D22CBE-39CA-48CB-A89E-BF4741093683}.AppStore|ARM.Build.0 = Debug|Any CPU
		{46D22CBE-39CA-48CB-A89E-BF4741093683}.AppStore|iPhone.ActiveCfg = Release|Any CPU
		{46D22CBE-39CA-48CB-A89E-BF4741093683}.AppStore|iPhone.Build.0 = Release|Any CPU
		{46D22CBE-39CA-48CB-A89E-BF4741093683}.AppStore|iPhoneSimulator.ActiveCfg = Release|Any CPU
		{46D22CBE-39CA-48CB-A89E-BF4741093683}.AppStore|iPhoneSimulator.Build.0 = Release|Any CPU
		{46D22CBE-39CA-48CB-A89E-BF4741093683}.AppStore|x86.ActiveCfg = Debug|Any CPU
		{46D22CBE-39CA-48CB-A89E-BF4741093683}.AppStore|x86.Build.0 = Debug|Any CPU
		{46D22CBE-39CA-48CB-A89E-BF4741093683}.Debug|Any CPU.ActiveCfg = Debug|Any CPU
		{46D22CBE-39CA-48CB-A89E-BF4741093683}.Debug|Any CPU.Build.0 = Debug|Any CPU
		{46D22CBE-39CA-48CB-A89E-BF4741093683}.Debug|ARM.ActiveCfg = Debug|Any CPU
		{46D22CBE-39CA-48CB-A89E-BF4741093683}.Debug|ARM.Build.0 = Debug|Any CPU
		{46D22CBE-39CA-48CB-A89E-BF4741093683}.Debug|iPhone.ActiveCfg = Debug|Any CPU
		{46D22CBE-39CA-48CB-A89E-BF4741093683}.Debug|iPhone.Build.0 = Debug|Any CPU
		{46D22CBE-39CA-48CB-A89E-BF4741093683}.Debug|iPhoneSimulator.ActiveCfg = Debug|Any CPU
		{46D22CBE-39CA-48CB-A89E-BF4741093683}.Debug|iPhoneSimulator.Build.0 = Debug|Any CPU
		{46D22CBE-39CA-48CB-A89E-BF4741093683}.Debug|x86.ActiveCfg = Debug|Any CPU
		{46D22CBE-39CA-48CB-A89E-BF4741093683}.Debug|x86.Build.0 = Debug|Any CPU
		{46D22CBE-39CA-48CB-A89E-BF4741093683}.Release|Any CPU.ActiveCfg = Release|Any CPU
		{46D22CBE-39CA-48CB-A89E-BF4741093683}.Release|Any CPU.Build.0 = Release|Any CPU
		{46D22CBE-39CA-48CB-A89E-BF4741093683}.Release|ARM.ActiveCfg = Release|Any CPU
		{46D22CBE-39CA-48CB-A89E-BF4741093683}.Release|ARM.Build.0 = Release|Any CPU
		{46D22CBE-39CA-48CB-A89E-BF4741093683}.Release|iPhone.ActiveCfg = Release|Any CPU
		{46D22CBE-39CA-48CB-A89E-BF4741093683}.Release|iPhone.Build.0 = Release|Any CPU
		{46D22CBE-39CA-48CB-A89E-BF4741093683}.Release|iPhoneSimulator.ActiveCfg = Release|Any CPU
		{46D22CBE-39CA-48CB-A89E-BF4741093683}.Release|iPhoneSimulator.Build.0 = Release|Any CPU
		{46D22CBE-39CA-48CB-A89E-BF4741093683}.Release|x86.ActiveCfg = Release|Any CPU
		{46D22CBE-39CA-48CB-A89E-BF4741093683}.Release|x86.Build.0 = Release|Any CPU
		{B3CC9B58-E76E-4EBC-984E-3F5F1F4BBF4F}.Ad-Hoc|Any CPU.ActiveCfg = Release|Any CPU
		{B3CC9B58-E76E-4EBC-984E-3F5F1F4BBF4F}.Ad-Hoc|Any CPU.Build.0 = Release|Any CPU
		{B3CC9B58-E76E-4EBC-984E-3F5F1F4BBF4F}.Ad-Hoc|ARM.ActiveCfg = Debug|Any CPU
		{B3CC9B58-E76E-4EBC-984E-3F5F1F4BBF4F}.Ad-Hoc|ARM.Build.0 = Debug|Any CPU
		{B3CC9B58-E76E-4EBC-984E-3F5F1F4BBF4F}.Ad-Hoc|iPhone.ActiveCfg = Release|Any CPU
		{B3CC9B58-E76E-4EBC-984E-3F5F1F4BBF4F}.Ad-Hoc|iPhone.Build.0 = Release|Any CPU
		{B3CC9B58-E76E-4EBC-984E-3F5F1F4BBF4F}.Ad-Hoc|iPhoneSimulator.ActiveCfg = Release|Any CPU
		{B3CC9B58-E76E-4EBC-984E-3F5F1F4BBF4F}.Ad-Hoc|iPhoneSimulator.Build.0 = Release|Any CPU
		{B3CC9B58-E76E-4EBC-984E-3F5F1F4BBF4F}.Ad-Hoc|x86.ActiveCfg = Debug|Any CPU
		{B3CC9B58-E76E-4EBC-984E-3F5F1F4BBF4F}.Ad-Hoc|x86.Build.0 = Debug|Any CPU
		{B3CC9B58-E76E-4EBC-984E-3F5F1F4BBF4F}.AppStore|Any CPU.ActiveCfg = Release|Any CPU
		{B3CC9B58-E76E-4EBC-984E-3F5F1F4BBF4F}.AppStore|Any CPU.Build.0 = Release|Any CPU
		{B3CC9B58-E76E-4EBC-984E-3F5F1F4BBF4F}.AppStore|ARM.ActiveCfg = Debug|Any CPU
		{B3CC9B58-E76E-4EBC-984E-3F5F1F4BBF4F}.AppStore|ARM.Build.0 = Debug|Any CPU
		{B3CC9B58-E76E-4EBC-984E-3F5F1F4BBF4F}.AppStore|iPhone.ActiveCfg = Release|Any CPU
		{B3CC9B58-E76E-4EBC-984E-3F5F1F4BBF4F}.AppStore|iPhone.Build.0 = Release|Any CPU
		{B3CC9B58-E76E-4EBC-984E-3F5F1F4BBF4F}.AppStore|iPhoneSimulator.ActiveCfg = Release|Any CPU
		{B3CC9B58-E76E-4EBC-984E-3F5F1F4BBF4F}.AppStore|iPhoneSimulator.Build.0 = Release|Any CPU
		{B3CC9B58-E76E-4EBC-984E-3F5F1F4BBF4F}.AppStore|x86.ActiveCfg = Debug|Any CPU
		{B3CC9B58-E76E-4EBC-984E-3F5F1F4BBF4F}.AppStore|x86.Build.0 = Debug|Any CPU
		{B3CC9B58-E76E-4EBC-984E-3F5F1F4BBF4F}.Debug|Any CPU.ActiveCfg = Debug|Any CPU
		{B3CC9B58-E76E-4EBC-984E-3F5F1F4BBF4F}.Debug|Any CPU.Build.0 = Debug|Any CPU
		{B3CC9B58-E76E-4EBC-984E-3F5F1F4BBF4F}.Debug|ARM.ActiveCfg = Debug|Any CPU
		{B3CC9B58-E76E-4EBC-984E-3F5F1F4BBF4F}.Debug|ARM.Build.0 = Debug|Any CPU
		{B3CC9B58-E76E-4EBC-984E-3F5F1F4BBF4F}.Debug|iPhone.ActiveCfg = Debug|Any CPU
		{B3CC9B58-E76E-4EBC-984E-3F5F1F4BBF4F}.Debug|iPhone.Build.0 = Debug|Any CPU
		{B3CC9B58-E76E-4EBC-984E-3F5F1F4BBF4F}.Debug|iPhoneSimulator.ActiveCfg = Debug|Any CPU
		{B3CC9B58-E76E-4EBC-984E-3F5F1F4BBF4F}.Debug|iPhoneSimulator.Build.0 = Debug|Any CPU
		{B3CC9B58-E76E-4EBC-984E-3F5F1F4BBF4F}.Debug|x86.ActiveCfg = Debug|Any CPU
		{B3CC9B58-E76E-4EBC-984E-3F5F1F4BBF4F}.Debug|x86.Build.0 = Debug|Any CPU
		{B3CC9B58-E76E-4EBC-984E-3F5F1F4BBF4F}.Release|Any CPU.ActiveCfg = Release|Any CPU
		{B3CC9B58-E76E-4EBC-984E-3F5F1F4BBF4F}.Release|Any CPU.Build.0 = Release|Any CPU
		{B3CC9B58-E76E-4EBC-984E-3F5F1F4BBF4F}.Release|ARM.ActiveCfg = Release|Any CPU
		{B3CC9B58-E76E-4EBC-984E-3F5F1F4BBF4F}.Release|ARM.Build.0 = Release|Any CPU
		{B3CC9B58-E76E-4EBC-984E-3F5F1F4BBF4F}.Release|iPhone.ActiveCfg = Release|Any CPU
		{B3CC9B58-E76E-4EBC-984E-3F5F1F4BBF4F}.Release|iPhone.Build.0 = Release|Any CPU
		{B3CC9B58-E76E-4EBC-984E-3F5F1F4BBF4F}.Release|iPhoneSimulator.ActiveCfg = Release|Any CPU
		{B3CC9B58-E76E-4EBC-984E-3F5F1F4BBF4F}.Release|iPhoneSimulator.Build.0 = Release|Any CPU
		{B3CC9B58-E76E-4EBC-984E-3F5F1F4BBF4F}.Release|x86.ActiveCfg = Release|Any CPU
		{B3CC9B58-E76E-4EBC-984E-3F5F1F4BBF4F}.Release|x86.Build.0 = Release|Any CPU
		{72D22AEE-D4CD-4FA9-AD24-DA7D80BEB6C0}.Ad-Hoc|Any CPU.ActiveCfg = Release|Any CPU
		{72D22AEE-D4CD-4FA9-AD24-DA7D80BEB6C0}.Ad-Hoc|Any CPU.Build.0 = Release|Any CPU
		{72D22AEE-D4CD-4FA9-AD24-DA7D80BEB6C0}.Ad-Hoc|ARM.ActiveCfg = Release|Any CPU
		{72D22AEE-D4CD-4FA9-AD24-DA7D80BEB6C0}.Ad-Hoc|ARM.Build.0 = Release|Any CPU
		{72D22AEE-D4CD-4FA9-AD24-DA7D80BEB6C0}.Ad-Hoc|iPhone.ActiveCfg = Release|Any CPU
		{72D22AEE-D4CD-4FA9-AD24-DA7D80BEB6C0}.Ad-Hoc|iPhone.Build.0 = Release|Any CPU
		{72D22AEE-D4CD-4FA9-AD24-DA7D80BEB6C0}.Ad-Hoc|iPhoneSimulator.ActiveCfg = Release|Any CPU
		{72D22AEE-D4CD-4FA9-AD24-DA7D80BEB6C0}.Ad-Hoc|iPhoneSimulator.Build.0 = Release|Any CPU
		{72D22AEE-D4CD-4FA9-AD24-DA7D80BEB6C0}.Ad-Hoc|x86.ActiveCfg = Release|Any CPU
		{72D22AEE-D4CD-4FA9-AD24-DA7D80BEB6C0}.Ad-Hoc|x86.Build.0 = Release|Any CPU
		{72D22AEE-D4CD-4FA9-AD24-DA7D80BEB6C0}.AppStore|Any CPU.ActiveCfg = Release|Any CPU
		{72D22AEE-D4CD-4FA9-AD24-DA7D80BEB6C0}.AppStore|Any CPU.Build.0 = Release|Any CPU
		{72D22AEE-D4CD-4FA9-AD24-DA7D80BEB6C0}.AppStore|ARM.ActiveCfg = Release|Any CPU
		{72D22AEE-D4CD-4FA9-AD24-DA7D80BEB6C0}.AppStore|ARM.Build.0 = Release|Any CPU
		{72D22AEE-D4CD-4FA9-AD24-DA7D80BEB6C0}.AppStore|iPhone.ActiveCfg = Release|Any CPU
		{72D22AEE-D4CD-4FA9-AD24-DA7D80BEB6C0}.AppStore|iPhone.Build.0 = Release|Any CPU
		{72D22AEE-D4CD-4FA9-AD24-DA7D80BEB6C0}.AppStore|iPhoneSimulator.ActiveCfg = Release|Any CPU
		{72D22AEE-D4CD-4FA9-AD24-DA7D80BEB6C0}.AppStore|iPhoneSimulator.Build.0 = Release|Any CPU
		{72D22AEE-D4CD-4FA9-AD24-DA7D80BEB6C0}.AppStore|x86.ActiveCfg = Release|Any CPU
		{72D22AEE-D4CD-4FA9-AD24-DA7D80BEB6C0}.AppStore|x86.Build.0 = Release|Any CPU
		{72D22AEE-D4CD-4FA9-AD24-DA7D80BEB6C0}.Debug|Any CPU.ActiveCfg = Debug|Any CPU
		{72D22AEE-D4CD-4FA9-AD24-DA7D80BEB6C0}.Debug|Any CPU.Build.0 = Debug|Any CPU
		{72D22AEE-D4CD-4FA9-AD24-DA7D80BEB6C0}.Debug|ARM.ActiveCfg = Debug|Any CPU
		{72D22AEE-D4CD-4FA9-AD24-DA7D80BEB6C0}.Debug|ARM.Build.0 = Debug|Any CPU
		{72D22AEE-D4CD-4FA9-AD24-DA7D80BEB6C0}.Debug|iPhone.ActiveCfg = Debug|Any CPU
		{72D22AEE-D4CD-4FA9-AD24-DA7D80BEB6C0}.Debug|iPhone.Build.0 = Debug|Any CPU
		{72D22AEE-D4CD-4FA9-AD24-DA7D80BEB6C0}.Debug|iPhoneSimulator.ActiveCfg = Debug|Any CPU
		{72D22AEE-D4CD-4FA9-AD24-DA7D80BEB6C0}.Debug|iPhoneSimulator.Build.0 = Debug|Any CPU
		{72D22AEE-D4CD-4FA9-AD24-DA7D80BEB6C0}.Debug|x86.ActiveCfg = Debug|Any CPU
		{72D22AEE-D4CD-4FA9-AD24-DA7D80BEB6C0}.Debug|x86.Build.0 = Debug|Any CPU
		{72D22AEE-D4CD-4FA9-AD24-DA7D80BEB6C0}.Release|Any CPU.ActiveCfg = Release|Any CPU
		{72D22AEE-D4CD-4FA9-AD24-DA7D80BEB6C0}.Release|Any CPU.Build.0 = Release|Any CPU
		{72D22AEE-D4CD-4FA9-AD24-DA7D80BEB6C0}.Release|ARM.ActiveCfg = Release|Any CPU
		{72D22AEE-D4CD-4FA9-AD24-DA7D80BEB6C0}.Release|ARM.Build.0 = Release|Any CPU
		{72D22AEE-D4CD-4FA9-AD24-DA7D80BEB6C0}.Release|iPhone.ActiveCfg = Release|Any CPU
		{72D22AEE-D4CD-4FA9-AD24-DA7D80BEB6C0}.Release|iPhone.Build.0 = Release|Any CPU
		{72D22AEE-D4CD-4FA9-AD24-DA7D80BEB6C0}.Release|iPhoneSimulator.ActiveCfg = Release|Any CPU
		{72D22AEE-D4CD-4FA9-AD24-DA7D80BEB6C0}.Release|iPhoneSimulator.Build.0 = Release|Any CPU
		{72D22AEE-D4CD-4FA9-AD24-DA7D80BEB6C0}.Release|x86.ActiveCfg = Release|Any CPU
		{72D22AEE-D4CD-4FA9-AD24-DA7D80BEB6C0}.Release|x86.Build.0 = Release|Any CPU
		{7291BF3C-376B-4428-8715-066FDAD4DDB2}.Ad-Hoc|Any CPU.ActiveCfg = Release|Any CPU
		{7291BF3C-376B-4428-8715-066FDAD4DDB2}.Ad-Hoc|Any CPU.Build.0 = Release|Any CPU
		{7291BF3C-376B-4428-8715-066FDAD4DDB2}.Ad-Hoc|ARM.ActiveCfg = Release|Any CPU
		{7291BF3C-376B-4428-8715-066FDAD4DDB2}.Ad-Hoc|ARM.Build.0 = Release|Any CPU
		{7291BF3C-376B-4428-8715-066FDAD4DDB2}.Ad-Hoc|iPhone.ActiveCfg = Release|Any CPU
		{7291BF3C-376B-4428-8715-066FDAD4DDB2}.Ad-Hoc|iPhone.Build.0 = Release|Any CPU
		{7291BF3C-376B-4428-8715-066FDAD4DDB2}.Ad-Hoc|iPhoneSimulator.ActiveCfg = Release|Any CPU
		{7291BF3C-376B-4428-8715-066FDAD4DDB2}.Ad-Hoc|iPhoneSimulator.Build.0 = Release|Any CPU
		{7291BF3C-376B-4428-8715-066FDAD4DDB2}.Ad-Hoc|x86.ActiveCfg = Release|Any CPU
		{7291BF3C-376B-4428-8715-066FDAD4DDB2}.Ad-Hoc|x86.Build.0 = Release|Any CPU
		{7291BF3C-376B-4428-8715-066FDAD4DDB2}.AppStore|Any CPU.ActiveCfg = Release|Any CPU
		{7291BF3C-376B-4428-8715-066FDAD4DDB2}.AppStore|Any CPU.Build.0 = Release|Any CPU
		{7291BF3C-376B-4428-8715-066FDAD4DDB2}.AppStore|ARM.ActiveCfg = Release|Any CPU
		{7291BF3C-376B-4428-8715-066FDAD4DDB2}.AppStore|ARM.Build.0 = Release|Any CPU
		{7291BF3C-376B-4428-8715-066FDAD4DDB2}.AppStore|iPhone.ActiveCfg = Release|Any CPU
		{7291BF3C-376B-4428-8715-066FDAD4DDB2}.AppStore|iPhone.Build.0 = Release|Any CPU
		{7291BF3C-376B-4428-8715-066FDAD4DDB2}.AppStore|iPhoneSimulator.ActiveCfg = Release|Any CPU
		{7291BF3C-376B-4428-8715-066FDAD4DDB2}.AppStore|iPhoneSimulator.Build.0 = Release|Any CPU
		{7291BF3C-376B-4428-8715-066FDAD4DDB2}.AppStore|x86.ActiveCfg = Release|Any CPU
		{7291BF3C-376B-4428-8715-066FDAD4DDB2}.AppStore|x86.Build.0 = Release|Any CPU
		{7291BF3C-376B-4428-8715-066FDAD4DDB2}.Debug|Any CPU.ActiveCfg = Debug|Any CPU
		{7291BF3C-376B-4428-8715-066FDAD4DDB2}.Debug|Any CPU.Build.0 = Debug|Any CPU
		{7291BF3C-376B-4428-8715-066FDAD4DDB2}.Debug|Any CPU.Deploy.0 = Debug|Any CPU
		{7291BF3C-376B-4428-8715-066FDAD4DDB2}.Debug|ARM.ActiveCfg = Debug|Any CPU
		{7291BF3C-376B-4428-8715-066FDAD4DDB2}.Debug|ARM.Build.0 = Debug|Any CPU
		{7291BF3C-376B-4428-8715-066FDAD4DDB2}.Debug|iPhone.ActiveCfg = Debug|Any CPU
		{7291BF3C-376B-4428-8715-066FDAD4DDB2}.Debug|iPhone.Build.0 = Debug|Any CPU
		{7291BF3C-376B-4428-8715-066FDAD4DDB2}.Debug|iPhoneSimulator.ActiveCfg = Debug|Any CPU
		{7291BF3C-376B-4428-8715-066FDAD4DDB2}.Debug|iPhoneSimulator.Build.0 = Debug|Any CPU
		{7291BF3C-376B-4428-8715-066FDAD4DDB2}.Debug|x86.ActiveCfg = Debug|Any CPU
		{7291BF3C-376B-4428-8715-066FDAD4DDB2}.Debug|x86.Build.0 = Debug|Any CPU
		{7291BF3C-376B-4428-8715-066FDAD4DDB2}.Release|Any CPU.ActiveCfg = Release|Any CPU
		{7291BF3C-376B-4428-8715-066FDAD4DDB2}.Release|Any CPU.Build.0 = Release|Any CPU
		{7291BF3C-376B-4428-8715-066FDAD4DDB2}.Release|ARM.ActiveCfg = Release|Any CPU
		{7291BF3C-376B-4428-8715-066FDAD4DDB2}.Release|ARM.Build.0 = Release|Any CPU
		{7291BF3C-376B-4428-8715-066FDAD4DDB2}.Release|iPhone.ActiveCfg = Release|Any CPU
		{7291BF3C-376B-4428-8715-066FDAD4DDB2}.Release|iPhone.Build.0 = Release|Any CPU
		{7291BF3C-376B-4428-8715-066FDAD4DDB2}.Release|iPhoneSimulator.ActiveCfg = Release|Any CPU
		{7291BF3C-376B-4428-8715-066FDAD4DDB2}.Release|iPhoneSimulator.Build.0 = Release|Any CPU
		{7291BF3C-376B-4428-8715-066FDAD4DDB2}.Release|x86.ActiveCfg = Release|Any CPU
		{7291BF3C-376B-4428-8715-066FDAD4DDB2}.Release|x86.Build.0 = Release|Any CPU
		{545A056F-65A6-42B8-B7F2-3E250AC84DA4}.Ad-Hoc|Any CPU.ActiveCfg = Release|Any CPU
		{545A056F-65A6-42B8-B7F2-3E250AC84DA4}.Ad-Hoc|Any CPU.Build.0 = Release|Any CPU
		{545A056F-65A6-42B8-B7F2-3E250AC84DA4}.Ad-Hoc|ARM.ActiveCfg = Release|Any CPU
		{545A056F-65A6-42B8-B7F2-3E250AC84DA4}.Ad-Hoc|ARM.Build.0 = Release|Any CPU
		{545A056F-65A6-42B8-B7F2-3E250AC84DA4}.Ad-Hoc|iPhone.ActiveCfg = Release|Any CPU
		{545A056F-65A6-42B8-B7F2-3E250AC84DA4}.Ad-Hoc|iPhone.Build.0 = Release|Any CPU
		{545A056F-65A6-42B8-B7F2-3E250AC84DA4}.Ad-Hoc|iPhoneSimulator.ActiveCfg = Release|Any CPU
		{545A056F-65A6-42B8-B7F2-3E250AC84DA4}.Ad-Hoc|iPhoneSimulator.Build.0 = Release|Any CPU
		{545A056F-65A6-42B8-B7F2-3E250AC84DA4}.Ad-Hoc|x86.ActiveCfg = Release|Any CPU
		{545A056F-65A6-42B8-B7F2-3E250AC84DA4}.Ad-Hoc|x86.Build.0 = Release|Any CPU
		{545A056F-65A6-42B8-B7F2-3E250AC84DA4}.AppStore|Any CPU.ActiveCfg = Release|Any CPU
		{545A056F-65A6-42B8-B7F2-3E250AC84DA4}.AppStore|Any CPU.Build.0 = Release|Any CPU
		{545A056F-65A6-42B8-B7F2-3E250AC84DA4}.AppStore|ARM.ActiveCfg = Release|Any CPU
		{545A056F-65A6-42B8-B7F2-3E250AC84DA4}.AppStore|ARM.Build.0 = Release|Any CPU
		{545A056F-65A6-42B8-B7F2-3E250AC84DA4}.AppStore|iPhone.ActiveCfg = Release|Any CPU
		{545A056F-65A6-42B8-B7F2-3E250AC84DA4}.AppStore|iPhone.Build.0 = Release|Any CPU
		{545A056F-65A6-42B8-B7F2-3E250AC84DA4}.AppStore|iPhoneSimulator.ActiveCfg = Release|Any CPU
		{545A056F-65A6-42B8-B7F2-3E250AC84DA4}.AppStore|iPhoneSimulator.Build.0 = Release|Any CPU
		{545A056F-65A6-42B8-B7F2-3E250AC84DA4}.AppStore|x86.ActiveCfg = Release|Any CPU
		{545A056F-65A6-42B8-B7F2-3E250AC84DA4}.AppStore|x86.Build.0 = Release|Any CPU
		{545A056F-65A6-42B8-B7F2-3E250AC84DA4}.Debug|Any CPU.ActiveCfg = Debug|Any CPU
		{545A056F-65A6-42B8-B7F2-3E250AC84DA4}.Debug|Any CPU.Build.0 = Debug|Any CPU
		{545A056F-65A6-42B8-B7F2-3E250AC84DA4}.Debug|Any CPU.Deploy.0 = Debug|Any CPU
		{545A056F-65A6-42B8-B7F2-3E250AC84DA4}.Debug|ARM.ActiveCfg = Debug|Any CPU
		{545A056F-65A6-42B8-B7F2-3E250AC84DA4}.Debug|ARM.Build.0 = Debug|Any CPU
		{545A056F-65A6-42B8-B7F2-3E250AC84DA4}.Debug|iPhone.ActiveCfg = Debug|Any CPU
		{545A056F-65A6-42B8-B7F2-3E250AC84DA4}.Debug|iPhone.Build.0 = Debug|Any CPU
		{545A056F-65A6-42B8-B7F2-3E250AC84DA4}.Debug|iPhoneSimulator.ActiveCfg = Debug|Any CPU
		{545A056F-65A6-42B8-B7F2-3E250AC84DA4}.Debug|iPhoneSimulator.Build.0 = Debug|Any CPU
		{545A056F-65A6-42B8-B7F2-3E250AC84DA4}.Debug|x86.ActiveCfg = Debug|Any CPU
		{545A056F-65A6-42B8-B7F2-3E250AC84DA4}.Debug|x86.Build.0 = Debug|Any CPU
		{545A056F-65A6-42B8-B7F2-3E250AC84DA4}.Release|Any CPU.ActiveCfg = Release|Any CPU
		{545A056F-65A6-42B8-B7F2-3E250AC84DA4}.Release|Any CPU.Build.0 = Release|Any CPU
		{545A056F-65A6-42B8-B7F2-3E250AC84DA4}.Release|ARM.ActiveCfg = Release|Any CPU
		{545A056F-65A6-42B8-B7F2-3E250AC84DA4}.Release|ARM.Build.0 = Release|Any CPU
		{545A056F-65A6-42B8-B7F2-3E250AC84DA4}.Release|iPhone.ActiveCfg = Release|Any CPU
		{545A056F-65A6-42B8-B7F2-3E250AC84DA4}.Release|iPhone.Build.0 = Release|Any CPU
		{545A056F-65A6-42B8-B7F2-3E250AC84DA4}.Release|iPhoneSimulator.ActiveCfg = Release|Any CPU
		{545A056F-65A6-42B8-B7F2-3E250AC84DA4}.Release|iPhoneSimulator.Build.0 = Release|Any CPU
		{545A056F-65A6-42B8-B7F2-3E250AC84DA4}.Release|x86.ActiveCfg = Release|Any CPU
		{545A056F-65A6-42B8-B7F2-3E250AC84DA4}.Release|x86.Build.0 = Release|Any CPU
		{98CF11BD-0FB6-45F6-A028-3FF25267A021}.Ad-Hoc|Any CPU.ActiveCfg = Debug|Any CPU
		{98CF11BD-0FB6-45F6-A028-3FF25267A021}.Ad-Hoc|Any CPU.Build.0 = Debug|Any CPU
		{98CF11BD-0FB6-45F6-A028-3FF25267A021}.Ad-Hoc|ARM.ActiveCfg = Debug|Any CPU
		{98CF11BD-0FB6-45F6-A028-3FF25267A021}.Ad-Hoc|ARM.Build.0 = Debug|Any CPU
		{98CF11BD-0FB6-45F6-A028-3FF25267A021}.Ad-Hoc|iPhone.ActiveCfg = Debug|Any CPU
		{98CF11BD-0FB6-45F6-A028-3FF25267A021}.Ad-Hoc|iPhone.Build.0 = Debug|Any CPU
		{98CF11BD-0FB6-45F6-A028-3FF25267A021}.Ad-Hoc|iPhoneSimulator.ActiveCfg = Debug|Any CPU
		{98CF11BD-0FB6-45F6-A028-3FF25267A021}.Ad-Hoc|iPhoneSimulator.Build.0 = Debug|Any CPU
		{98CF11BD-0FB6-45F6-A028-3FF25267A021}.Ad-Hoc|x86.ActiveCfg = Debug|Any CPU
		{98CF11BD-0FB6-45F6-A028-3FF25267A021}.Ad-Hoc|x86.Build.0 = Debug|Any CPU
		{98CF11BD-0FB6-45F6-A028-3FF25267A021}.AppStore|Any CPU.ActiveCfg = Debug|Any CPU
		{98CF11BD-0FB6-45F6-A028-3FF25267A021}.AppStore|Any CPU.Build.0 = Debug|Any CPU
		{98CF11BD-0FB6-45F6-A028-3FF25267A021}.AppStore|ARM.ActiveCfg = Debug|Any CPU
		{98CF11BD-0FB6-45F6-A028-3FF25267A021}.AppStore|ARM.Build.0 = Debug|Any CPU
		{98CF11BD-0FB6-45F6-A028-3FF25267A021}.AppStore|iPhone.ActiveCfg = Debug|Any CPU
		{98CF11BD-0FB6-45F6-A028-3FF25267A021}.AppStore|iPhone.Build.0 = Debug|Any CPU
		{98CF11BD-0FB6-45F6-A028-3FF25267A021}.AppStore|iPhoneSimulator.ActiveCfg = Debug|Any CPU
		{98CF11BD-0FB6-45F6-A028-3FF25267A021}.AppStore|iPhoneSimulator.Build.0 = Debug|Any CPU
		{98CF11BD-0FB6-45F6-A028-3FF25267A021}.AppStore|x86.ActiveCfg = Debug|Any CPU
		{98CF11BD-0FB6-45F6-A028-3FF25267A021}.AppStore|x86.Build.0 = Debug|Any CPU
		{98CF11BD-0FB6-45F6-A028-3FF25267A021}.Debug|Any CPU.ActiveCfg = Debug|Any CPU
		{98CF11BD-0FB6-45F6-A028-3FF25267A021}.Debug|Any CPU.Build.0 = Debug|Any CPU
		{98CF11BD-0FB6-45F6-A028-3FF25267A021}.Debug|ARM.ActiveCfg = Debug|Any CPU
		{98CF11BD-0FB6-45F6-A028-3FF25267A021}.Debug|ARM.Build.0 = Debug|Any CPU
		{98CF11BD-0FB6-45F6-A028-3FF25267A021}.Debug|iPhone.ActiveCfg = Debug|Any CPU
		{98CF11BD-0FB6-45F6-A028-3FF25267A021}.Debug|iPhone.Build.0 = Debug|Any CPU
		{98CF11BD-0FB6-45F6-A028-3FF25267A021}.Debug|iPhoneSimulator.ActiveCfg = Debug|Any CPU
		{98CF11BD-0FB6-45F6-A028-3FF25267A021}.Debug|iPhoneSimulator.Build.0 = Debug|Any CPU
		{98CF11BD-0FB6-45F6-A028-3FF25267A021}.Debug|x86.ActiveCfg = Debug|Any CPU
		{98CF11BD-0FB6-45F6-A028-3FF25267A021}.Debug|x86.Build.0 = Debug|Any CPU
		{98CF11BD-0FB6-45F6-A028-3FF25267A021}.Release|Any CPU.ActiveCfg = Release|Any CPU
		{98CF11BD-0FB6-45F6-A028-3FF25267A021}.Release|Any CPU.Build.0 = Release|Any CPU
		{98CF11BD-0FB6-45F6-A028-3FF25267A021}.Release|ARM.ActiveCfg = Release|Any CPU
		{98CF11BD-0FB6-45F6-A028-3FF25267A021}.Release|ARM.Build.0 = Release|Any CPU
		{98CF11BD-0FB6-45F6-A028-3FF25267A021}.Release|iPhone.ActiveCfg = Release|Any CPU
		{98CF11BD-0FB6-45F6-A028-3FF25267A021}.Release|iPhone.Build.0 = Release|Any CPU
		{98CF11BD-0FB6-45F6-A028-3FF25267A021}.Release|iPhoneSimulator.ActiveCfg = Release|Any CPU
		{98CF11BD-0FB6-45F6-A028-3FF25267A021}.Release|iPhoneSimulator.Build.0 = Release|Any CPU
		{98CF11BD-0FB6-45F6-A028-3FF25267A021}.Release|x86.ActiveCfg = Release|Any CPU
		{98CF11BD-0FB6-45F6-A028-3FF25267A021}.Release|x86.Build.0 = Release|Any CPU
	EndGlobalSection
	GlobalSection(SolutionProperties) = preSolution
		HideSolutionNode = FALSE
	EndGlobalSection
	GlobalSection(NestedProjects) = preSolution
		{F29EB8F0-C7AB-4DFE-ACF8-475040AC671B} = {D74726F5-B2C0-40DE-91CD-9EDD62196D12}
		{D306CCFD-A8FB-4680-B637-100BD0731015} = {8D014A3D-69A9-48C1-AB6B-13E30DFBBC4A}
		{AEED0B5A-CE93-4A98-B13D-1312CE85686B} = {BE6E3A88-EA0B-4E1E-8924-16B3D8A4C30C}
		{BE6E3A88-EA0B-4E1E-8924-16B3D8A4C30C} = {8F0DB99A-3721-46DE-BD6A-4F841248E939}
		{D74726F5-B2C0-40DE-91CD-9EDD62196D12} = {8F0DB99A-3721-46DE-BD6A-4F841248E939}
		{8D014A3D-69A9-48C1-AB6B-13E30DFBBC4A} = {8F0DB99A-3721-46DE-BD6A-4F841248E939}
		{417E0F01-D351-4D79-A93E-EBBDED9BE2C6} = {8F0DB99A-3721-46DE-BD6A-4F841248E939}
		{CDC84AE9-C9C7-4F8D-A944-8252212C3457} = {417E0F01-D351-4D79-A93E-EBBDED9BE2C6}
		{2066DC61-259C-4D5E-B6CF-32D95E9F135E} = {8F0DB99A-3721-46DE-BD6A-4F841248E939}
		{550A93D9-BB55-4E21-9A10-19451EF8E255} = {6930E9B4-D6E0-4DA8-98F5-F9E1C4F650A5}
		{7D6FDE4A-7CD1-474F-8851-4FE8ABAA1072} = {8D014A3D-69A9-48C1-AB6B-13E30DFBBC4A}
		{26FD939B-3579-4485-B4FB-90B0A807AC8E} = {8D014A3D-69A9-48C1-AB6B-13E30DFBBC4A}
		{CB871ED9-0681-46E0-92EB-0AE8B40524DA} = {8D014A3D-69A9-48C1-AB6B-13E30DFBBC4A}
		{0C867CE7-BF26-48FF-8E51-4A963F518DD7} = {BE6E3A88-EA0B-4E1E-8924-16B3D8A4C30C}
		{50966C51-C01D-4C3E-9865-CE8929597168} = {BE6E3A88-EA0B-4E1E-8924-16B3D8A4C30C}
		{446CDAF8-F63F-473C-A0C2-3DE320A0F0BF} = {BE6E3A88-EA0B-4E1E-8924-16B3D8A4C30C}
		{0E371BCF-DFD4-452C-A9D3-F3E6E995EF0E} = {417E0F01-D351-4D79-A93E-EBBDED9BE2C6}
		{FD455925-3FAF-47CA-8102-3D46FF584E7F} = {417E0F01-D351-4D79-A93E-EBBDED9BE2C6}
		{ADD03BC2-6D15-4388-B467-C2F3BAC66BC6} = {417E0F01-D351-4D79-A93E-EBBDED9BE2C6}
		{8FA08C94-D00E-4F98-9137-68C7EFB9D2D0} = {D74726F5-B2C0-40DE-91CD-9EDD62196D12}
		{289659E6-284D-4A70-A03A-DC758BF6BB63} = {D74726F5-B2C0-40DE-91CD-9EDD62196D12}
		{AD0BFC4C-B311-45B3-BA83-9C6A528AB34C} = {D74726F5-B2C0-40DE-91CD-9EDD62196D12}
		{B4B17ED1-D7CC-44EF-88F0-FDF2CF17409A} = {8F0DB99A-3721-46DE-BD6A-4F841248E939}
		{46D22CBE-39CA-48CB-A89E-BF4741093683} = {B4B17ED1-D7CC-44EF-88F0-FDF2CF17409A}
		{B3CC9B58-E76E-4EBC-984E-3F5F1F4BBF4F} = {B4B17ED1-D7CC-44EF-88F0-FDF2CF17409A}
		{72D22AEE-D4CD-4FA9-AD24-DA7D80BEB6C0} = {2066DC61-259C-4D5E-B6CF-32D95E9F135E}
		{7291BF3C-376B-4428-8715-066FDAD4DDB2} = {84ABF090-3079-4919-BD8C-13E52C7BC6CE}
	EndGlobalSection
	GlobalSection(ExtensibilityGlobals) = postSolution
		SolutionGuid = {B23C25D6-DAC5-456B-8321-E33A9C350F9F}
	EndGlobalSection
	GlobalSection(TeamFoundationVersionControl) = preSolution
		SccNumberOfProjects = 24
		SccEnterpriseProvider = {4CA58AB2-18FA-4F8D-95D4-32DDF27D184C}
		SccTeamFoundationServer = https://cmscloud.visualstudio.com/
		SccLocalPath0 = .
		SccProjectUniqueName1 = FESA.SCM.Identity\\FESA.SCM.Identity.csproj
		SccProjectTopLevelParentUniqueName1 = FESA.SCM.sln
		SccProjectName1 = FESA.SCM.Identity
		SccLocalPath1 = FESA.SCM.Identity
		SccProjectUniqueName2 = FESA.SCM.WorkOrder\\FESA.SCM.WorkOrder.csproj
		SccProjectTopLevelParentUniqueName2 = FESA.SCM.sln
		SccProjectName2 = FESA.SCM.WorkOrder
		SccLocalPath2 = FESA.SCM.WorkOrder
		SccProjectUniqueName3 = FESA.SCM.Customer\\FESA.SCM.Customer.csproj
		SccProjectTopLevelParentUniqueName3 = FESA.SCM.sln
		SccProjectName3 = FESA.SCM.Customer
		SccLocalPath3 = FESA.SCM.Customer
		SccProjectUniqueName4 = FESA.SCM.FieldService\\FESA.SCM.FieldService.csproj
		SccProjectTopLevelParentUniqueName4 = FESA.SCM.sln
		SccProjectName4 = FESA.SCM.FieldService
		SccLocalPath4 = FESA.SCM.FieldService
		SccProjectUniqueName5 = FESA.SCM.Common\\FESA.SCM.Common.csproj
		SccProjectTopLevelParentUniqueName5 = FESA.SCM.sln
		SccProjectName5 = FESA.SCM.Common
		SccLocalPath5 = FESA.SCM.Common
		SccProjectUniqueName6 = FESA.SCM.WorkOrder.BL\\FESA.SCM.WorkOrder.BL.csproj
		SccProjectTopLevelParentUniqueName6 = FESA.SCM.sln
		SccProjectName6 = FESA.SCM.WorkOrder.BL
		SccLocalPath6 = FESA.SCM.WorkOrder.BL
		SccProjectUniqueName7 = FESA.SCM.WorkOrder.BE\\FESA.SCM.WorkOrder.BE.csproj
		SccProjectTopLevelParentUniqueName7 = FESA.SCM.sln
		SccProjectName7 = FESA.SCM.WorkOrder.BE
		SccLocalPath7 = FESA.SCM.WorkOrder.BE
		SccProjectUniqueName8 = FESA.SCM.WorkOrder.DA\\FESA.SCM.WorkOrder.DA.csproj
		SccProjectTopLevelParentUniqueName8 = FESA.SCM.sln
		SccProjectName8 = FESA.SCM.WorkOrder.DA
		SccLocalPath8 = FESA.SCM.WorkOrder.DA
		SccProjectUniqueName9 = FESA.SCM.Customer.BL\\FESA.SCM.Customer.BL.csproj
		SccProjectTopLevelParentUniqueName9 = FESA.SCM.sln
		SccProjectName9 = FESA.SCM.Customer.BL
		SccLocalPath9 = FESA.SCM.Customer.BL
		SccProjectUniqueName10 = FESA.SCM.Customer.DA\\FESA.SCM.Customer.DA.csproj
		SccProjectTopLevelParentUniqueName10 = FESA.SCM.sln
		SccProjectName10 = FESA.SCM.Customer.DA
		SccLocalPath10 = FESA.SCM.Customer.DA
		SccProjectUniqueName11 = FESA.SCM.Customer.BE\\FESA.SCM.Customer.BE.csproj
		SccProjectTopLevelParentUniqueName11 = FESA.SCM.sln
		SccProjectName11 = FESA.SCM.Customer.BE
		SccLocalPath11 = FESA.SCM.Customer.BE
		SccProjectUniqueName12 = FESA.SCM.FieldService.BE\\FESA.SCM.FieldService.BE.csproj
		SccProjectTopLevelParentUniqueName12 = FESA.SCM.sln
		SccProjectName12 = FESA.SCM.FieldService.BE
		SccLocalPath12 = FESA.SCM.FieldService.BE
		SccProjectUniqueName13 = FESA.SCM.FieldService.DA\\FESA.SCM.FieldService.DA.csproj
		SccProjectTopLevelParentUniqueName13 = FESA.SCM.sln
		SccProjectName13 = FESA.SCM.FieldService.DA
		SccLocalPath13 = FESA.SCM.FieldService.DA
		SccProjectUniqueName14 = FESA.SCM.FieldService.BL\\FESA.SCM.FieldService.BL.csproj
		SccProjectTopLevelParentUniqueName14 = FESA.SCM.sln
		SccProjectName14 = FESA.SCM.FieldService.BL
		SccLocalPath14 = FESA.SCM.FieldService.BL
		SccProjectUniqueName15 = FESA.SCM.Identity.BE\\FESA.SCM.Identity.BE.csproj
		SccProjectTopLevelParentUniqueName15 = FESA.SCM.sln
		SccProjectName15 = FESA.SCM.Identity.BE
		SccLocalPath15 = FESA.SCM.Identity.BE
		SccProjectUniqueName16 = FESA.SCM.Identity.BL\\FESA.SCM.Identity.BL.csproj
		SccProjectTopLevelParentUniqueName16 = FESA.SCM.sln
		SccProjectName16 = FESA.SCM.Identity.BL
		SccLocalPath16 = FESA.SCM.Identity.BL
		SccProjectUniqueName17 = FESA.SCM.Identity.DA\\FESA.SCM.Identity.DA.csproj
		SccProjectTopLevelParentUniqueName17 = FESA.SCM.sln
		SccProjectName17 = FESA.SCM.Identity.DA
		SccLocalPath17 = FESA.SCM.Identity.DA
		SccProjectUniqueName18 = FESA.SCM.ServiceGateway.DTO\\FESA.SCM.ServiceGateway.DTO.csproj
		SccProjectTopLevelParentUniqueName18 = FESA.SCM.sln
		SccProjectName18 = FESA.SCM.ServiceGateway.DTO
		SccLocalPath18 = FESA.SCM.ServiceGateway.DTO
		SccProjectUniqueName19 = FESA.SCM.ServiceGateway\\FESA.SCM.ServiceGateway.csproj
		SccProjectTopLevelParentUniqueName19 = FESA.SCM.sln
		SccProjectName19 = FESA.SCM.ServiceGateway
		SccLocalPath19 = FESA.SCM.ServiceGateway
		SccProjectUniqueName20 = FESA.SCM.Notification\\FESA.SCM.Notification.csproj
		SccProjectTopLevelParentUniqueName20 = FESA.SCM.sln
		SccProjectName20 = FESA.SCM.Notification
		SccLocalPath20 = FESA.SCM.Notification
		SccProjectUniqueName21 = FESA.SCM.UserLoadJob\\FESA.SCM.UserLoadJob.csproj
		SccProjectTopLevelParentUniqueName21 = FESA.SCM.sln
		SccProjectName21 = FESA.SCM.UserLoadJob
		SccLocalPath21 = FESA.SCM.UserLoadJob
		SccProjectUniqueName22 = FESA.SCM.Web\\FESA.SCM.Web.csproj
		SccProjectName22 = FESA.SCM.Web
		SccLocalPath22 = FESA.SCM.Web
		SccProjectUniqueName23 = FESA.SCM.WebSite\\FESA.SCM.WebSite.csproj
		SccProjectName23 = FESA.SCM.WebSite
		SccLocalPath23 = FESA.SCM.WebSite
	EndGlobalSection
EndGlobal
